<?xml version="1.0" encoding="utf-8"?>
<Project ToolsVersion="4.0" xmlns="http://schemas.microsoft.com/developer/msbuild/2003">
  <ItemGroup>
    <Filter Include="CRI">
      <UniqueIdentifier>{e7053771-fdd5-4547-8f20-c87ed5246a3c}</UniqueIdentifier>
    </Filter>
    <Filter Include="Audio">
      <UniqueIdentifier>{8ef409ea-cb9c-4204-b3d9-214ad38edda9}</UniqueIdentifier>
    </Filter>
  </ItemGroup>
  <ItemGroup>
    <ClInclude Include="CRI\CriManager.h">
      <Filter>CRI</Filter>
    </ClInclude>
    <ClInclude Include="CRI\CriAllocator.h">
      <Filter>CRI</Filter>
    </ClInclude>
    <ClInclude Include="Audio\AudioSource.h">
      <Filter>Audio</Filter>
    </ClInclude>
    <ClInclude Include="Audio\AudioListener.h">
      <Filter>Audio</Filter>
    </ClInclude>
    <ClInclude Include="Audio\AudioResource.h">
      <Filter>Audio</Filter>
    </ClInclude>
    <ClInclude Include="Audio\AudioLoader.h">
      <Filter>Audio</Filter>
    </ClInclude>
    <ClInclude Include="Audio\Audio.h">
      <Filter>Audio</Filter>
    </ClInclude>
    <ClInclude Include="Audio\AudioByteStream.h">
      <Filter>Audio</Filter>
    </ClInclude>
    <ClInclude Include="Audio\Sound.h">
      <Filter>Audio</Filter>
    </ClInclude>
    <ClInclude Include="Audio\AudioSystem.h">
      <Filter>Audio</Filter>
    </ClInclude>
    <ClInclude Include="Audio\MixerSystem.h">
      <Filter>Audio</Filter>
    </ClInclude>
  </ItemGroup>
  <ItemGroup>
    <ClCompile Include="CRI\CriManager.cpp">
      <Filter>CRI</Filter>
    </ClCompile>
    <ClCompile Include="Prelude.cpp" />
    <ClCompile Include="Audio\AudioResource.cpp">
      <Filter>Audio</Filter>
    </ClCompile>
    <ClCompile Include="Audio\AudioLoader.cpp">
      <Filter>Audio</Filter>
    </ClCompile>
    <ClCompile Include="Audio\Audio.cpp">
      <Filter>Audio</Filter>
    </ClCompile>
    <ClCompile Include="Audio\AudioByteStream.cpp">
      <Filter>Audio</Filter>
    </ClCompile>
    <ClCompile Include="Audio\Sound.cpp">
      <Filter>Audio</Filter>
    </ClCompile>
    <ClCompile Include="Audio\AudioListener.cpp">
      <Filter>Audio</Filter>
    </ClCompile>
    <ClCompile Include="Audio\AudioSource.cpp">
      <Filter>Audio</Filter>
    </ClCompile>
    <ClCompile Include="Audio\AudioSystem.cpp">
      <Filter>Audio</Filter>
    </ClCompile>
    <ClCompile Include="Audio\MixerSystem.cpp">
      <Filter>Audio</Filter>
    </ClCompile>
  </ItemGroup>
</Project>