<?xml version="1.0" encoding="utf-8"?>
<Project ToolsVersion="4.0" xmlns="http://schemas.microsoft.com/developer/msbuild/2003">
  <ItemGroup>
    <Filter Include="JoltPhysics">
      <UniqueIdentifier>{433f06d7-7fa8-416f-8424-8964b959ee05}</UniqueIdentifier>
    </Filter>
    <Filter Include="Rigidbody">
      <UniqueIdentifier>{883b1db7-49b7-4d0c-8013-489f4c0ac984}</UniqueIdentifier>
    </Filter>
    <Filter Include="Softbody">
      <UniqueIdentifier>{4a8de8a7-25f0-44c5-8344-ff966a58dff0}</UniqueIdentifier>
    </Filter>
    <Filter Include="Collider">
      <UniqueIdentifier>{c81f7fa2-f1a3-4d9f-ab0e-43d63e561244}</UniqueIdentifier>
    </Filter>
    <Filter Include="Physics">
      <UniqueIdentifier>{16da94ac-77b1-46ce-b41e-1a527ac9514c}</UniqueIdentifier>
    </Filter>
    <Filter Include="CharacterController">
      <UniqueIdentifier>{ffb3171d-bafe-49b1-a07d-491ba0daaf23}</UniqueIdentifier>
    </Filter>
    <Filter Include="Joint">
      <UniqueIdentifier>{31400a74-9028-44a5-89c4-db40332979de}</UniqueIdentifier>
    </Filter>
  </ItemGroup>
  <ItemGroup>
    <ClInclude Include="JoltPhysics\JoltManager.h">
      <Filter>JoltPhysics</Filter>
    </ClInclude>
    <ClInclude Include="JoltPhysics\JoltExecutorBridge.h">
      <Filter>JoltPhysics</Filter>
    </ClInclude>
    <ClInclude Include="JoltPhysics\JoltLayerdef.h">
      <Filter>JoltPhysics</Filter>
    </ClInclude>
    <ClInclude Include="Rigidbody\Rigidbody.h">
      <Filter>Rigidbody</Filter>
    </ClInclude>
    <ClInclude Include="Softbody\Softbody.h">
      <Filter>Softbody</Filter>
    </ClInclude>
    <ClInclude Include="Collider\BoxCollider.h">
      <Filter>Collider</Filter>
    </ClInclude>
    <ClInclude Include="Collider\SphereCollider.h">
      <Filter>Collider</Filter>
    </ClInclude>
    <ClInclude Include="Collider\CapsuleCollider.h">
      <Filter>Collider</Filter>
    </ClInclude>
    <ClInclude Include="Collider\CylinderCollider.h">
      <Filter>Collider</Filter>
    </ClInclude>
    <ClInclude Include="Collider\MeshCollider.h">
      <Filter>Collider</Filter>
    </ClInclude>
    <ClInclude Include="Collider\RectCollider.h">
      <Filter>Collider</Filter>
    </ClInclude>
    <ClInclude Include="Collider\CircleCollider.h">
      <Filter>Collider</Filter>
    </ClInclude>
    <ClInclude Include="JoltPhysics\JoltShapePool.h">
      <Filter>JoltPhysics</Filter>
    </ClInclude>
    <ClInclude Include="Physics\Physics.h">
      <Filter>Physics</Filter>
    </ClInclude>
    <ClInclude Include="Physics\PhysicsSystem.h">
      <Filter>Physics</Filter>
    </ClInclude>
    <ClInclude Include="CharacterController\CharacterController.h">
      <Filter>CharacterController</Filter>
    </ClInclude>
    <ClInclude Include="JoltPhysics\JoltContactListener.h">
      <Filter>JoltPhysics</Filter>
    </ClInclude>
    <ClInclude Include="JoltPhysics\JoltCharacterContactListener.h">
      <Filter>JoltPhysics</Filter>
    </ClInclude>
    <ClInclude Include="Joint\FixedJoint.h">
      <Filter>Joint</Filter>
    </ClInclude>
    <ClInclude Include="Joint\HingeJoint.h">
      <Filter>Joint</Filter>
    </ClInclude>
    <ClInclude Include="Joint\SliderJoint.h">
      <Filter>Joint</Filter>
    </ClInclude>
    <ClInclude Include="Joint\SpringJoint.h">
      <Filter>Joint</Filter>
    </ClInclude>
    <ClInclude Include="JoltPhysics\JoltConstraintPool.h">
      <Filter>JoltPhysics</Filter>
    </ClInclude>
  </ItemGroup>
  <ItemGroup>
    <ClCompile Include="JoltPhysics\JoltManager.cpp">
      <Filter>JoltPhysics</Filter>
    </ClCompile>
    <ClCompile Include="JoltPhysics\JoltExecutorBridge.cpp">
      <Filter>JoltPhysics</Filter>
    </ClCompile>
    <ClCompile Include="Prelude.cpp" />
    <ClCompile Include="JoltPhysics\JoltShapePool.cpp">
      <Filter>JoltPhysics</Filter>
    </ClCompile>
    <ClCompile Include="Physics\Physics.cpp">
      <Filter>Physics</Filter>
    </ClCompile>
    <ClCompile Include="JoltPhysics\JoltLayerdef.cpp">
      <Filter>JoltPhysics</Filter>
    </ClCompile>
    <ClCompile Include="Rigidbody\Rigidbody.cpp">
      <Filter>Rigidbody</Filter>
    </ClCompile>
    <ClCompile Include="Collider\BoxCollider.cpp">
      <Filter>Collider</Filter>
    </ClCompile>
    <ClCompile Include="Collider\CapsuleCollider.cpp">
      <Filter>Collider</Filter>
    </ClCompile>
    <ClCompile Include="Collider\CircleCollider.cpp">
      <Filter>Collider</Filter>
    </ClCompile>
    <ClCompile Include="Collider\CylinderCollider.cpp">
      <Filter>Collider</Filter>
    </ClCompile>
    <ClCompile Include="Collider\RectCollider.cpp">
      <Filter>Collider</Filter>
    </ClCompile>
    <ClCompile Include="Collider\SphereCollider.cpp">
      <Filter>Collider</Filter>
    </ClCompile>
    <ClCompile Include="Physics\PhysicsSystem.cpp">
      <Filter>Physics</Filter>
    </ClCompile>
    <ClCompile Include="Collider\MeshCollider.cpp">
      <Filter>Collider</Filter>
    </ClCompile>
    <ClCompile Include="Softbody\Softbody.cpp">
      <Filter>Softbody</Filter>
    </ClCompile>
    <ClCompile Include="CharacterController\CharacterController.cpp">
      <Filter>CharacterController</Filter>
    </ClCompile>
    <ClCompile Include="JoltPhysics\JoltContactListener.cpp">
      <Filter>JoltPhysics</Filter>
    </ClCompile>
    <ClCompile Include="JoltPhysics\JoltCharacterContactListener.cpp">
      <Filter>JoltPhysics</Filter>
    </ClCompile>
    <ClCompile Include="Joint\FixedJoint.cpp">
      <Filter>Joint</Filter>
    </ClCompile>
    <ClCompile Include="Joint\HingeJoint.cpp">
      <Filter>Joint</Filter>
    </ClCompile>
    <ClCompile Include="Joint\SliderJoint.cpp">
      <Filter>Joint</Filter>
    </ClCompile>
    <ClCompile Include="Joint\SpringJoint.cpp">
      <Filter>Joint</Filter>
    </ClCompile>
    <ClCompile Include="JoltPhysics\JoltConstraintPool.cpp">
      <Filter>JoltPhysics</Filter>
    </ClCompile>
  </ItemGroup>
</Project>