<?xml version="1.0" encoding="utf-8"?>
<Project xmlns="http://schemas.microsoft.com/developer/msbuild/2003" ToolsVersion="4.0">
  <ItemGroup>
    <Filter Include="Reflection">
      <UniqueIdentifier>{6dcddd1e-0fa6-42dd-bab1-648738a92931}</UniqueIdentifier>
    </Filter>
    <Filter Include="Payload">
      <UniqueIdentifier>{b20c1bb8-ca53-4291-beab-3cf082864950}</UniqueIdentifier>
    </Filter>
    <Filter Include="EntryPoint">
      <UniqueIdentifier>{a7401760-8dc3-4bc8-a9bc-ffc0e57446c7}</UniqueIdentifier>
    </Filter>
    <Filter Include="Tutorial">
      <UniqueIdentifier>{b1839eb4-9730-40a6-83c1-f04dcfeb04f8}</UniqueIdentifier>
    </Filter>
    <Filter Include="Script">
      <UniqueIdentifier>{96ff39bd-f73e-44f7-9755-5e2240797ad1}</UniqueIdentifier>
    </Filter>
  </ItemGroup>
  <ItemGroup>
    <Text Include="Tutorial\AssetReference.txt">
      <Filter>Tutorial</Filter>
    </Text>
    <Text Include="Tutorial\ComponentReference.txt">
      <Filter>Tutorial</Filter>
    </Text>
    <Text Include="Tutorial\CoroutineReference.txt">
      <Filter>Tutorial</Filter>
    </Text>
    <Text Include="Tutorial\InputReference.txt">
      <Filter>Tutorial</Filter>
    </Text>
    <Text Include="Tutorial\LogReference.txt">
      <Filter>Tutorial</Filter>
    </Text>
    <Text Include="Tutorial\MathReference.txt">
      <Filter>Tutorial</Filter>
    </Text>
    <Text Include="Tutorial\PhysicsReference.txt">
      <Filter>Tutorial</Filter>
    </Text>
  </ItemGroup>
  <ItemGroup>
    <ClCompile Include="Tutorial\ScTutorial.cpp">
      <Filter>Tutorial</Filter>
    </ClCompile>
    <ClCompile Include="EntryPoint\EntryGame.cpp">
      <Filter>EntryPoint</Filter>
    </ClCompile>
    <ClCompile Include="Payload\Payload.generated.cpp">
      <Filter>Payload</Filter>
    </ClCompile>
    <ClCompile Include="Reflection\Reflection.generated.cpp">
      <Filter>Reflection</Filter>
    </ClCompile>
    <ClCompile Include="DLLMain.cpp" />
    <ClCompile Include="Prelude.cpp" />
    <ClCompile Include="Script\BulletController.cpp">
      <Filter>Script</Filter>
    </ClCompile>
    <ClCompile Include="Script\CameraController.cpp">
      <Filter>Script</Filter>
    </ClCompile>
    <ClCompile Include="Script\FloorMoveSystem.cpp">
      <Filter>Script</Filter>
    </ClCompile>
    <ClCompile Include="Script\PlayerController.cpp">
      <Filter>Script</Filter>
    </ClCompile>
    <ClCompile Include="Script\StopController.cpp">
      <Filter>Script</Filter>
    </ClCompile>
    <ClCompile Include="Script\PendulumController.cpp">
      <Filter>Script</Filter>
    </ClCompile>
  </ItemGroup>
  <ItemGroup>
    <ClInclude Include="Tutorial\ScTutorial.h">
      <Filter>Tutorial</Filter>
    </ClInclude>
    <ClInclude Include="EntryPoint\EntryGame.h">
      <Filter>EntryPoint</Filter>
    </ClInclude>
    <ClInclude Include="Script\BulletColliderController.h">
      <Filter>Script</Filter>
    </ClInclude>
    <ClInclude Include="Script\BulletController.h">
      <Filter>Script</Filter>
    </ClInclude>
    <ClInclude Include="Script\CameraController.h">
      <Filter>Script</Filter>
    </ClInclude>
    <ClInclude Include="Script\FloorMoveSystem.h">
      <Filter>Script</Filter>
    </ClInclude>
    <ClInclude Include="Script\PlayerController.h">
      <Filter>Script</Filter>
    </ClInclude>
    <ClInclude Include="Script\StopController.h">
      <Filter>Script</Filter>
    </ClInclude>
    <ClInclude Include="Script\PendulumController.h">
      <Filter>Script</Filter>
    </ClInclude>
  </ItemGroup>
</Project>