<?xml version='1.0' encoding='utf-8'?>
<Project xmlns="http://schemas.microsoft.com/developer/msbuild/2003" ToolsVersion="4.0">
  <ItemGroup>
    <Filter Include="EntryPoint">
      <UniqueIdentifier>{4477f0da-9fd4-4699-bff8-be2339e697a6}</UniqueIdentifier>
    </Filter>
    <Filter Include="Reflection">
      <UniqueIdentifier>{a1b2c3d4-refl-0000-0000-000000000001}</UniqueIdentifier>
    </Filter>
    <Filter Include="Payload">
      <UniqueIdentifier>{a1b2c3d4-payl-0000-0000-000000000001}</UniqueIdentifier>
    </Filter>
    <Filter Include="Tutorial">
      <UniqueIdentifier>{09007d97-ab19-4e6e-a4fc-1369293bc115}</UniqueIdentifier>
    </Filter>
    </ItemGroup>
  <ItemGroup>
    <ClCompile Include="Prelude.cpp" />
    <ClCompile Include="EntryPoint\EntryGame.cpp">
      <Filter>EntryPoint</Filter>
    </ClCompile>
    <ClCompile Include="Reflection\Reflection.generated.cpp">
      <Filter>Reflection</Filter>
    </ClCompile>
    <ClCompile Include="Payload\Payload.generated.cpp">
      <Filter>Payload</Filter>
    </ClCompile>
    <ClCompile Include="dllmain.cpp" />
    <ClCompile Include="Tutorial\ScTutorial.cpp">
      <Filter>Tutorial</Filter>
    </ClCompile>
  </ItemGroup>
  <ItemGroup>
    <ClInclude Include="EntryPoint\EntryGame.h">
      <Filter>EntryPoint</Filter>
    </ClInclude>
    <ClInclude Include="Tutorial\ScTutorial.h">
      <Filter>Tutorial</Filter>
    </ClInclude>
  </ItemGroup>
</Project>