
Microsoft Visual Studio Solution File, Format Version 12.00
# Visual Studio Version 18
VisualStudioVersion = 18.7.11911.148
MinimumVisualStudioVersion = 10.0.40219.1
Project("{8BC9CEB8-8B4A-11D0-8D11-00A0C91BC942}") = "Runtime", "Runtime.vcxproj", "{A11CEBA1-484A-4CFC-A5AC-EB3C7D3B80BE}"
	ProjectSection(ProjectDependencies) = postProject
		{3003355D-5A7F-40AC-AF4C-A93AD9AC38DB} = {3003355D-5A7F-40AC-AF4C-A93AD9AC38DB}
		{3058C8BB-7169-45CF-8A76-EA50E2DC8099} = {3058C8BB-7169-45CF-8A76-EA50E2DC8099}
		{30996A34-7FA2-4977-89D9-FBD1F2B64A18} = {30996A34-7FA2-4977-89D9-FBD1F2B64A18}
		{91DCF205-F1A6-4DDF-B522-350FE40E5DDA} = {91DCF205-F1A6-4DDF-B522-350FE40E5DDA}
		{FD1A1645-DABC-42F9-9960-57C5540473DF} = {FD1A1645-DABC-42F9-9960-57C5540473DF}
	EndProjectSection
EndProject
Project("{8BC9CEB8-8B4A-11D0-8D11-00A0C91BC942}") = "Editor", "..\Editor\Editor.vcxproj", "{A1B543D2-E58D-433B-8D8F-45BFB5A234EF}"
	ProjectSection(ProjectDependencies) = postProject
		{3003355D-5A7F-40AC-AF4C-A93AD9AC38DB} = {3003355D-5A7F-40AC-AF4C-A93AD9AC38DB}
		{3058C8BB-7169-45CF-8A76-EA50E2DC8099} = {3058C8BB-7169-45CF-8A76-EA50E2DC8099}
		{30996A34-7FA2-4977-89D9-FBD1F2B64A18} = {30996A34-7FA2-4977-89D9-FBD1F2B64A18}
		{91DCF205-F1A6-4DDF-B522-350FE40E5DDA} = {91DCF205-F1A6-4DDF-B522-350FE40E5DDA}
		{FD1A1645-DABC-42F9-9960-57C5540473DF} = {FD1A1645-DABC-42F9-9960-57C5540473DF}
	EndProjectSection
EndProject
Project("{8BC9CEB8-8B4A-11D0-8D11-00A0C91BC942}") = "PhysicsEngine", "..\PhysicsEngine\PhysicsEngine.vcxproj", "{FD1A1645-DABC-42F9-9960-57C5540473DF}"
	ProjectSection(ProjectDependencies) = postProject
		{30996A34-7FA2-4977-89D9-FBD1F2B64A18} = {30996A34-7FA2-4977-89D9-FBD1F2B64A18}
	EndProjectSection
EndProject
Project("{8BC9CEB8-8B4A-11D0-8D11-00A0C91BC942}") = "AIEngine", "..\AIEngine\AIEngine.vcxproj", "{3003355D-5A7F-40AC-AF4C-A93AD9AC38DB}"
	ProjectSection(ProjectDependencies) = postProject
		{30996A34-7FA2-4977-89D9-FBD1F2B64A18} = {30996A34-7FA2-4977-89D9-FBD1F2B64A18}
	EndProjectSection
EndProject
Project("{8BC9CEB8-8B4A-11D0-8D11-00A0C91BC942}") = "GraphicsEngine", "..\GraphicsEngine\GraphicsEngine.vcxproj", "{3058C8BB-7169-45CF-8A76-EA50E2DC8099}"
	ProjectSection(ProjectDependencies) = postProject
		{30996A34-7FA2-4977-89D9-FBD1F2B64A18} = {30996A34-7FA2-4977-89D9-FBD1F2B64A18}
	EndProjectSection
EndProject
Project("{8BC9CEB8-8B4A-11D0-8D11-00A0C91BC942}") = "FoundationEngine", "..\FoundationEngine\FoundationEngine.vcxproj", "{30996A34-7FA2-4977-89D9-FBD1F2B64A18}"
EndProject
Project("{8BC9CEB8-8B4A-11D0-8D11-00A0C91BC942}") = "AudioEngine", "..\AudioEngine\AudioEngine.vcxproj", "{91DCF205-F1A6-4DDF-B522-350FE40E5DDA}"
	ProjectSection(ProjectDependencies) = postProject
		{30996A34-7FA2-4977-89D9-FBD1F2B64A18} = {30996A34-7FA2-4977-89D9-FBD1F2B64A18}
	EndProjectSection
EndProject
Project("{8BC9CEB8-8B4A-11D0-8D11-00A0C91BC942}") = "UserProject", "..\UserProject\UserProject.vcxproj", "{5A68D96A-2812-4A6E-BA12-E20C779BDC3D}"
	ProjectSection(ProjectDependencies) = postProject
		{3003355D-5A7F-40AC-AF4C-A93AD9AC38DB} = {3003355D-5A7F-40AC-AF4C-A93AD9AC38DB}
		{3058C8BB-7169-45CF-8A76-EA50E2DC8099} = {3058C8BB-7169-45CF-8A76-EA50E2DC8099}
		{30996A34-7FA2-4977-89D9-FBD1F2B64A18} = {30996A34-7FA2-4977-89D9-FBD1F2B64A18}
		{91DCF205-F1A6-4DDF-B522-350FE40E5DDA} = {91DCF205-F1A6-4DDF-B522-350FE40E5DDA}
		{FD1A1645-DABC-42F9-9960-57C5540473DF} = {FD1A1645-DABC-42F9-9960-57C5540473DF}
		{8F3C1A72-5E4B-4C9A-9D7F-1B6A3E8C2F05} = {8F3C1A72-5E4B-4C9A-9D7F-1B6A3E8C2F05}
	EndProjectSection
EndProject
Project("{8BC9CEB8-8B4A-11D0-8D11-00A0C91BC942}") = "SeedCore", "..\SeedCore\SeedCore.vcxproj", "{8F3C1A72-5E4B-4C9A-9D7F-1B6A3E8C2F05}"
	ProjectSection(ProjectDependencies) = postProject
		{3003355D-5A7F-40AC-AF4C-A93AD9AC38DB} = {3003355D-5A7F-40AC-AF4C-A93AD9AC38DB}
		{3058C8BB-7169-45CF-8A76-EA50E2DC8099} = {3058C8BB-7169-45CF-8A76-EA50E2DC8099}
		{30996A34-7FA2-4977-89D9-FBD1F2B64A18} = {30996A34-7FA2-4977-89D9-FBD1F2B64A18}
		{91DCF205-F1A6-4DDF-B522-350FE40E5DDA} = {91DCF205-F1A6-4DDF-B522-350FE40E5DDA}
		{FD1A1645-DABC-42F9-9960-57C5540473DF} = {FD1A1645-DABC-42F9-9960-57C5540473DF}
	EndProjectSection
EndProject
Project("{8BC9CEB8-8B4A-11D0-8D11-00A0C91BC942}") = "Launcher", "..\Launcher\Launcher.vcxproj", "{7B2E9C4A-3D18-4F6A-9C21-8E5D0A4B1F37}"
EndProject
Global
	GlobalSection(SolutionConfigurationPlatforms) = preSolution
		Debug|x64 = Debug|x64
		Debug|x86 = Debug|x86
		Release|x64 = Release|x64
		Release|x86 = Release|x86
	EndGlobalSection
	GlobalSection(ProjectConfigurationPlatforms) = postSolution
		{A11CEBA1-484A-4CFC-A5AC-EB3C7D3B80BE}.Debug|x64.ActiveCfg = Debug|x64
		{A11CEBA1-484A-4CFC-A5AC-EB3C7D3B80BE}.Debug|x64.Build.0 = Debug|x64
		{A11CEBA1-484A-4CFC-A5AC-EB3C7D3B80BE}.Debug|x86.ActiveCfg = Debug|Win32
		{A11CEBA1-484A-4CFC-A5AC-EB3C7D3B80BE}.Debug|x86.Build.0 = Debug|Win32
		{A11CEBA1-484A-4CFC-A5AC-EB3C7D3B80BE}.Release|x64.ActiveCfg = Release|x64
		{A11CEBA1-484A-4CFC-A5AC-EB3C7D3B80BE}.Release|x64.Build.0 = Release|x64
		{A11CEBA1-484A-4CFC-A5AC-EB3C7D3B80BE}.Release|x86.ActiveCfg = Release|Win32
		{A11CEBA1-484A-4CFC-A5AC-EB3C7D3B80BE}.Release|x86.Build.0 = Release|Win32
		{A1B543D2-E58D-433B-8D8F-45BFB5A234EF}.Debug|x64.ActiveCfg = Debug|x64
		{A1B543D2-E58D-433B-8D8F-45BFB5A234EF}.Debug|x64.Build.0 = Debug|x64
		{A1B543D2-E58D-433B-8D8F-45BFB5A234EF}.Debug|x86.ActiveCfg = Debug|Win32
		{A1B543D2-E58D-433B-8D8F-45BFB5A234EF}.Debug|x86.Build.0 = Debug|Win32
		{A1B543D2-E58D-433B-8D8F-45BFB5A234EF}.Release|x64.ActiveCfg = Release|x64
		{A1B543D2-E58D-433B-8D8F-45BFB5A234EF}.Release|x64.Build.0 = Release|x64
		{A1B543D2-E58D-433B-8D8F-45BFB5A234EF}.Release|x86.ActiveCfg = Release|Win32
		{A1B543D2-E58D-433B-8D8F-45BFB5A234EF}.Release|x86.Build.0 = Release|Win32
		{FD1A1645-DABC-42F9-9960-57C5540473DF}.Debug|x64.ActiveCfg = Debug|x64
		{FD1A1645-DABC-42F9-9960-57C5540473DF}.Debug|x64.Build.0 = Debug|x64
		{FD1A1645-DABC-42F9-9960-57C5540473DF}.Debug|x86.ActiveCfg = Debug|Win32
		{FD1A1645-DABC-42F9-9960-57C5540473DF}.Debug|x86.Build.0 = Debug|Win32
		{FD1A1645-DABC-42F9-9960-57C5540473DF}.Release|x64.ActiveCfg = Release|x64
		{FD1A1645-DABC-42F9-9960-57C5540473DF}.Release|x64.Build.0 = Release|x64
		{FD1A1645-DABC-42F9-9960-57C5540473DF}.Release|x86.ActiveCfg = Release|Win32
		{FD1A1645-DABC-42F9-9960-57C5540473DF}.Release|x86.Build.0 = Release|Win32
		{3003355D-5A7F-40AC-AF4C-A93AD9AC38DB}.Debug|x64.ActiveCfg = Debug|x64
		{3003355D-5A7F-40AC-AF4C-A93AD9AC38DB}.Debug|x64.Build.0 = Debug|x64
		{3003355D-5A7F-40AC-AF4C-A93AD9AC38DB}.Debug|x86.ActiveCfg = Debug|Win32
		{3003355D-5A7F-40AC-AF4C-A93AD9AC38DB}.Debug|x86.Build.0 = Debug|Win32
		{3003355D-5A7F-40AC-AF4C-A93AD9AC38DB}.Release|x64.ActiveCfg = Release|x64
		{3003355D-5A7F-40AC-AF4C-A93AD9AC38DB}.Release|x64.Build.0 = Release|x64
		{3003355D-5A7F-40AC-AF4C-A93AD9AC38DB}.Release|x86.ActiveCfg = Release|Win32
		{3003355D-5A7F-40AC-AF4C-A93AD9AC38DB}.Release|x86.Build.0 = Release|Win32
		{3058C8BB-7169-45CF-8A76-EA50E2DC8099}.Debug|x64.ActiveCfg = Debug|x64
		{3058C8BB-7169-45CF-8A76-EA50E2DC8099}.Debug|x64.Build.0 = Debug|x64
		{3058C8BB-7169-45CF-8A76-EA50E2DC8099}.Debug|x86.ActiveCfg = Debug|Win32
		{3058C8BB-7169-45CF-8A76-EA50E2DC8099}.Debug|x86.Build.0 = Debug|Win32
		{3058C8BB-7169-45CF-8A76-EA50E2DC8099}.Release|x64.ActiveCfg = Release|x64
		{3058C8BB-7169-45CF-8A76-EA50E2DC8099}.Release|x64.Build.0 = Release|x64
		{3058C8BB-7169-45CF-8A76-EA50E2DC8099}.Release|x86.ActiveCfg = Release|Win32
		{3058C8BB-7169-45CF-8A76-EA50E2DC8099}.Release|x86.Build.0 = Release|Win32
		{30996A34-7FA2-4977-89D9-FBD1F2B64A18}.Debug|x64.ActiveCfg = Debug|x64
		{30996A34-7FA2-4977-89D9-FBD1F2B64A18}.Debug|x64.Build.0 = Debug|x64
		{30996A34-7FA2-4977-89D9-FBD1F2B64A18}.Debug|x86.ActiveCfg = Debug|Win32
		{30996A34-7FA2-4977-89D9-FBD1F2B64A18}.Debug|x86.Build.0 = Debug|Win32
		{30996A34-7FA2-4977-89D9-FBD1F2B64A18}.Release|x64.ActiveCfg = Release|x64
		{30996A34-7FA2-4977-89D9-FBD1F2B64A18}.Release|x64.Build.0 = Release|x64
		{30996A34-7FA2-4977-89D9-FBD1F2B64A18}.Release|x86.ActiveCfg = Release|Win32
		{30996A34-7FA2-4977-89D9-FBD1F2B64A18}.Release|x86.Build.0 = Release|Win32
		{91DCF205-F1A6-4DDF-B522-350FE40E5DDA}.Debug|x64.ActiveCfg = Debug|x64
		{91DCF205-F1A6-4DDF-B522-350FE40E5DDA}.Debug|x64.Build.0 = Debug|x64
		{91DCF205-F1A6-4DDF-B522-350FE40E5DDA}.Debug|x86.ActiveCfg = Debug|Win32
		{91DCF205-F1A6-4DDF-B522-350FE40E5DDA}.Debug|x86.Build.0 = Debug|Win32
		{91DCF205-F1A6-4DDF-B522-350FE40E5DDA}.Release|x64.ActiveCfg = Release|x64
		{91DCF205-F1A6-4DDF-B522-350FE40E5DDA}.Release|x64.Build.0 = Release|x64
		{91DCF205-F1A6-4DDF-B522-350FE40E5DDA}.Release|x86.ActiveCfg = Release|Win32
		{91DCF205-F1A6-4DDF-B522-350FE40E5DDA}.Release|x86.Build.0 = Release|Win32
		{5A68D96A-2812-4A6E-BA12-E20C779BDC3D}.Debug|x64.ActiveCfg = Debug|x64
		{5A68D96A-2812-4A6E-BA12-E20C779BDC3D}.Debug|x64.Build.0 = Debug|x64
		{5A68D96A-2812-4A6E-BA12-E20C779BDC3D}.Debug|x86.ActiveCfg = Debug|Win32
		{5A68D96A-2812-4A6E-BA12-E20C779BDC3D}.Debug|x86.Build.0 = Debug|Win32
		{5A68D96A-2812-4A6E-BA12-E20C779BDC3D}.Release|x64.ActiveCfg = Release|x64
		{5A68D96A-2812-4A6E-BA12-E20C779BDC3D}.Release|x64.Build.0 = Release|x64
		{5A68D96A-2812-4A6E-BA12-E20C779BDC3D}.Release|x86.ActiveCfg = Release|Win32
		{5A68D96A-2812-4A6E-BA12-E20C779BDC3D}.Release|x86.Build.0 = Release|Win32
		{8F3C1A72-5E4B-4C9A-9D7F-1B6A3E8C2F05}.Debug|x64.ActiveCfg = Debug|x64
		{8F3C1A72-5E4B-4C9A-9D7F-1B6A3E8C2F05}.Debug|x64.Build.0 = Debug|x64
		{8F3C1A72-5E4B-4C9A-9D7F-1B6A3E8C2F05}.Debug|x86.ActiveCfg = Debug|Win32
		{8F3C1A72-5E4B-4C9A-9D7F-1B6A3E8C2F05}.Debug|x86.Build.0 = Debug|Win32
		{8F3C1A72-5E4B-4C9A-9D7F-1B6A3E8C2F05}.Release|x64.ActiveCfg = Release|x64
		{8F3C1A72-5E4B-4C9A-9D7F-1B6A3E8C2F05}.Release|x64.Build.0 = Release|x64
		{8F3C1A72-5E4B-4C9A-9D7F-1B6A3E8C2F05}.Release|x86.ActiveCfg = Release|Win32
		{8F3C1A72-5E4B-4C9A-9D7F-1B6A3E8C2F05}.Release|x86.Build.0 = Release|Win32
		{7B2E9C4A-3D18-4F6A-9C21-8E5D0A4B1F37}.Debug|x64.ActiveCfg = Debug|x64
		{7B2E9C4A-3D18-4F6A-9C21-8E5D0A4B1F37}.Debug|x64.Build.0 = Debug|x64
		{7B2E9C4A-3D18-4F6A-9C21-8E5D0A4B1F37}.Debug|x86.ActiveCfg = Debug|Win32
		{7B2E9C4A-3D18-4F6A-9C21-8E5D0A4B1F37}.Debug|x86.Build.0 = Debug|Win32
		{7B2E9C4A-3D18-4F6A-9C21-8E5D0A4B1F37}.Release|x64.ActiveCfg = Release|x64
		{7B2E9C4A-3D18-4F6A-9C21-8E5D0A4B1F37}.Release|x64.Build.0 = Release|x64
		{7B2E9C4A-3D18-4F6A-9C21-8E5D0A4B1F37}.Release|x86.ActiveCfg = Release|Win32
		{7B2E9C4A-3D18-4F6A-9C21-8E5D0A4B1F37}.Release|x86.Build.0 = Release|Win32
	EndGlobalSection
	GlobalSection(SolutionProperties) = preSolution
		HideSolutionNode = FALSE
	EndGlobalSection
	GlobalSection(ExtensibilityGlobals) = postSolution
		SolutionGuid = {F013AC5D-E751-4EF1-8852-9771E8EC249C}
	EndGlobalSection
EndGlobal
