
Microsoft Visual Studio Solution File, Format Version 12.00
# Visual Studio Version 18
VisualStudioVersion = 18.7.11911.148
MinimumVisualStudioVersion = 10.0.40219.1
Project("{8BC9CEB8-8B4A-11D0-8D11-00A0C91BC942}") = "Runtime", "Runtime.vcxproj", "{A11CEBA1-484A-4CFC-A5AC-EB3C7D3B80BE}"
	ProjectSection(ProjectDependencies) = postProject
		{3003355D-5A7F-40AC-AF4C-A93AD9AC38DB} = {3003355D-5A7F-40AC-AF4C-A93AD9AC38DB}
		{3058C8BB-7169-45CF-8A76-EA50E2DC8099} = {3058C8BB-7169-45CF-8A76-EA50E2DC8099}
		{30996A34-7FA2-4977-89D9-FBD1F2B64A18} = {30996A34-7FA2-4977-89D9-FBD1F2B64A18}
		{91DCF205-F1A6-4DDF-B522-350FE40E5DDA} = {91DCF205-F1A6-4DDF-B522-350FE40E5DDA}
		{FD1A1645-DABC-42F9-9960-57C5540473DF} = {FD1A1645-DABC-42F9-9960-57C5540473DF}
		{B9D47795-A8A4-403C-86CF-B2454D758E1D} = {B9D47795-A8A4-403C-86CF-B2454D758E1D}
		{DE6BD59F-8D75-4BAE-B332-EE9C0370E976} = {DE6BD59F-8D75-4BAE-B332-EE9C0370E976}
	EndProjectSection
EndProject
Project("{8BC9CEB8-8B4A-11D0-8D11-00A0C91BC942}") = "Editor", "..\Editor\Editor.vcxproj", "{A1B543D2-E58D-433B-8D8F-45BFB5A234EF}"
	ProjectSection(ProjectDependencies) = postProject
		{3003355D-5A7F-40AC-AF4C-A93AD9AC38DB} = {3003355D-5A7F-40AC-AF4C-A93AD9AC38DB}
		{3058C8BB-7169-45CF-8A76-EA50E2DC8099} = {3058C8BB-7169-45CF-8A76-EA50E2DC8099}
		{30996A34-7FA2-4977-89D9-FBD1F2B64A18} = {30996A34-7FA2-4977-89D9-FBD1F2B64A18}
		{91DCF205-F1A6-4DDF-B522-350FE40E5DDA} = {91DCF205-F1A6-4DDF-B522-350FE40E5DDA}
		{FD1A1645-DABC-42F9-9960-57C5540473DF} = {FD1A1645-DABC-42F9-9960-57C5540473DF}
		{B9D47795-A8A4-403C-86CF-B2454D758E1D} = {B9D47795-A8A4-403C-86CF-B2454D758E1D}
		{DE6BD59F-8D75-4BAE-B332-EE9C0370E976} = {DE6BD59F-8D75-4BAE-B332-EE9C0370E976}
	EndProjectSection
EndProject
Project("{8BC9CEB8-8B4A-11D0-8D11-00A0C91BC942}") = "PhysicsEngine.Cplusplus", "..\PhysicsEngine\PhysicsEngine.Cplusplus.vcxproj", "{FD1A1645-DABC-42F9-9960-57C5540473DF}"
	ProjectSection(ProjectDependencies) = postProject
		{30996A34-7FA2-4977-89D9-FBD1F2B64A18} = {30996A34-7FA2-4977-89D9-FBD1F2B64A18}
	EndProjectSection
EndProject
Project("{8BC9CEB8-8B4A-11D0-8D11-00A0C91BC942}") = "AIEngine.Cplusplus", "..\AIEngine\AIEngine.Cplusplus.vcxproj", "{3003355D-5A7F-40AC-AF4C-A93AD9AC38DB}"
	ProjectSection(ProjectDependencies) = postProject
		{30996A34-7FA2-4977-89D9-FBD1F2B64A18} = {30996A34-7FA2-4977-89D9-FBD1F2B64A18}
	EndProjectSection
EndProject
Project("{8BC9CEB8-8B4A-11D0-8D11-00A0C91BC942}") = "GraphicsEngine.Cplusplus", "..\GraphicsEngine\GraphicsEngine.Cplusplus.vcxproj", "{3058C8BB-7169-45CF-8A76-EA50E2DC8099}"
	ProjectSection(ProjectDependencies) = postProject
		{30996A34-7FA2-4977-89D9-FBD1F2B64A18} = {30996A34-7FA2-4977-89D9-FBD1F2B64A18}
	EndProjectSection
EndProject
Project("{8BC9CEB8-8B4A-11D0-8D11-00A0C91BC942}") = "FoundationEngine.Cplusplus", "..\FoundationEngine\FoundationEngine.Cplusplus.vcxproj", "{30996A34-7FA2-4977-89D9-FBD1F2B64A18}"
EndProject
Project("{8BC9CEB8-8B4A-11D0-8D11-00A0C91BC942}") = "AudioEngine.Cplusplus", "..\AudioEngine\AudioEngine.Cplusplus.vcxproj", "{91DCF205-F1A6-4DDF-B522-350FE40E5DDA}"
	ProjectSection(ProjectDependencies) = postProject
		{30996A34-7FA2-4977-89D9-FBD1F2B64A18} = {30996A34-7FA2-4977-89D9-FBD1F2B64A18}
	EndProjectSection
EndProject
Project("{8BC9CEB8-8B4A-11D0-8D11-00A0C91BC942}") = "UserProject.Cplusplus", "..\UserProject\UserProject.Cplusplus.vcxproj", "{5A68D96A-2812-4A6E-BA12-E20C779BDC3D}"
	ProjectSection(ProjectDependencies) = postProject
		{3003355D-5A7F-40AC-AF4C-A93AD9AC38DB} = {3003355D-5A7F-40AC-AF4C-A93AD9AC38DB}
		{3058C8BB-7169-45CF-8A76-EA50E2DC8099} = {3058C8BB-7169-45CF-8A76-EA50E2DC8099}
		{30996A34-7FA2-4977-89D9-FBD1F2B64A18} = {30996A34-7FA2-4977-89D9-FBD1F2B64A18}
		{91DCF205-F1A6-4DDF-B522-350FE40E5DDA} = {91DCF205-F1A6-4DDF-B522-350FE40E5DDA}
		{FD1A1645-DABC-42F9-9960-57C5540473DF} = {FD1A1645-DABC-42F9-9960-57C5540473DF}
		{8F3C1A72-5E4B-4C9A-9D7F-1B6A3E8C2F05} = {8F3C1A72-5E4B-4C9A-9D7F-1B6A3E8C2F05}
	EndProjectSection
EndProject
Project("{8BC9CEB8-8B4A-11D0-8D11-00A0C91BC942}") = "SeedCore.Cplusplus", "..\SeedCore\SeedCore.Cplusplus.vcxproj", "{8F3C1A72-5E4B-4C9A-9D7F-1B6A3E8C2F05}"
	ProjectSection(ProjectDependencies) = postProject
		{3003355D-5A7F-40AC-AF4C-A93AD9AC38DB} = {3003355D-5A7F-40AC-AF4C-A93AD9AC38DB}
		{3058C8BB-7169-45CF-8A76-EA50E2DC8099} = {3058C8BB-7169-45CF-8A76-EA50E2DC8099}
		{30996A34-7FA2-4977-89D9-FBD1F2B64A18} = {30996A34-7FA2-4977-89D9-FBD1F2B64A18}
		{91DCF205-F1A6-4DDF-B522-350FE40E5DDA} = {91DCF205-F1A6-4DDF-B522-350FE40E5DDA}
		{FD1A1645-DABC-42F9-9960-57C5540473DF} = {FD1A1645-DABC-42F9-9960-57C5540473DF}
	EndProjectSection
EndProject
Project("{8BC9CEB8-8B4A-11D0-8D11-00A0C91BC942}") = "Launcher", "..\Launcher\Launcher.vcxproj", "{7B2E9C4A-3D18-4F6A-9C21-8E5D0A4B1F37}"
EndProject
Project("{9A19103F-16F7-4668-BE54-9A1E7A4F7556}") = "FoundationEngine.Csharp", "..\FoundationEngine\FoundationEngine.Csharp.csproj", "{D72C6618-04D6-4CC8-A1CC-827A043B3D5E}"
EndProject
Project("{9A19103F-16F7-4668-BE54-9A1E7A4F7556}") = "AIEngine.Csharp", "..\AIEngine\AIEngine.Csharp.csproj", "{64EC7D1F-A9C9-4283-863A-B0037D5C9B83}"
EndProject
Project("{9A19103F-16F7-4668-BE54-9A1E7A4F7556}") = "PhysicsEngine.Csharp", "..\PhysicsEngine\PhysicsEngine.Csharp.csproj", "{C53E55F5-D1C9-4C6C-8856-0FD4CCFA882A}"
EndProject
Project("{9A19103F-16F7-4668-BE54-9A1E7A4F7556}") = "AudioEngine.Csharp", "..\AudioEngine\AudioEngine.Csharp.csproj", "{98CE1DAE-C038-4F24-8EC5-CB151F5D2D43}"
EndProject
Project("{9A19103F-16F7-4668-BE54-9A1E7A4F7556}") = "GraphicsEngine.Csharp", "..\GraphicsEngine\GraphicsEngine.Csharp.csproj", "{FDB9E3F3-DB6E-47E6-AB72-62C92F36F046}"
EndProject
Project("{9A19103F-16F7-4668-BE54-9A1E7A4F7556}") = "SeedCore.Csharp", "..\SeedCore\SeedCore.Csharp.csproj", "{B9D47795-A8A4-403C-86CF-B2454D758E1D}"
EndProject
Project("{9A19103F-16F7-4668-BE54-9A1E7A4F7556}") = "UserProject.Csharp", "..\UserProject\UserProject.Csharp.csproj", "{DE6BD59F-8D75-4BAE-B332-EE9C0370E976}"
EndProject
Global
	GlobalSection(SolutionConfigurationPlatforms) = preSolution
		Debug|x64 = Debug|x64
		Debug|x86 = Debug|x86
		Release|x64 = Release|x64
		Release|x86 = Release|x86
	EndGlobalSection
	GlobalSection(ProjectConfigurationPlatforms) = postSolution
		{A11CEBA1-484A-4CFC-A5AC-EB3C7D3B80BE}.Debug|x64.ActiveCfg = Debug|x64
		{A11CEBA1-484A-4CFC-A5AC-EB3C7D3B80BE}.Debug|x64.Build.0 = Debug|x64
		{A11CEBA1-484A-4CFC-A5AC-EB3C7D3B80BE}.Debug|x86.ActiveCfg = Debug|Win32
		{A11CEBA1-484A-4CFC-A5AC-EB3C7D3B80BE}.Debug|x86.Build.0 = Debug|Win32
		{A11CEBA1-484A-4CFC-A5AC-EB3C7D3B80BE}.Release|x64.ActiveCfg = Release|x64
		{A11CEBA1-484A-4CFC-A5AC-EB3C7D3B80BE}.Release|x64.Build.0 = Release|x64
		{A11CEBA1-484A-4CFC-A5AC-EB3C7D3B80BE}.Release|x86.ActiveCfg = Release|Win32
		{A11CEBA1-484A-4CFC-A5AC-EB3C7D3B80BE}.Release|x86.Build.0 = Release|Win32
		{A1B543D2-E58D-433B-8D8F-45BFB5A234EF}.Debug|x64.ActiveCfg = Debug|x64
		{A1B543D2-E58D-433B-8D8F-45BFB5A234EF}.Debug|x64.Build.0 = Debug|x64
		{A1B543D2-E58D-433B-8D8F-45BFB5A234EF}.Debug|x86.ActiveCfg = Debug|Win32
		{A1B543D2-E58D-433B-8D8F-45BFB5A234EF}.Debug|x86.Build.0 = Debug|Win32
		{A1B543D2-E58D-433B-8D8F-45BFB5A234EF}.Release|x64.ActiveCfg = Release|x64
		{A1B543D2-E58D-433B-8D8F-45BFB5A234EF}.Release|x64.Build.0 = Release|x64
		{A1B543D2-E58D-433B-8D8F-45BFB5A234EF}.Release|x86.ActiveCfg = Release|Win32
		{A1B543D2-E58D-433B-8D8F-45BFB5A234EF}.Release|x86.Build.0 = Release|Win32
		{FD1A1645-DABC-42F9-9960-57C5540473DF}.Debug|x64.ActiveCfg = Debug|x64
		{FD1A1645-DABC-42F9-9960-57C5540473DF}.Debug|x64.Build.0 = Debug|x64
		{FD1A1645-DABC-42F9-9960-57C5540473DF}.Debug|x86.ActiveCfg = Debug|Win32
		{FD1A1645-DABC-42F9-9960-57C5540473DF}.Debug|x86.Build.0 = Debug|Win32
		{FD1A1645-DABC-42F9-9960-57C5540473DF}.Release|x64.ActiveCfg = Release|x64
		{FD1A1645-DABC-42F9-9960-57C5540473DF}.Release|x64.Build.0 = Release|x64
		{FD1A1645-DABC-42F9-9960-57C5540473DF}.Release|x86.ActiveCfg = Release|Win32
		{FD1A1645-DABC-42F9-9960-57C5540473DF}.Release|x86.Build.0 = Release|Win32
		{3003355D-5A7F-40AC-AF4C-A93AD9AC38DB}.Debug|x64.ActiveCfg = Debug|x64
		{3003355D-5A7F-40AC-AF4C-A93AD9AC38DB}.Debug|x64.Build.0 = Debug|x64
		{3003355D-5A7F-40AC-AF4C-A93AD9AC38DB}.Debug|x86.ActiveCfg = Debug|Win32
		{3003355D-5A7F-40AC-AF4C-A93AD9AC38DB}.Debug|x86.Build.0 = Debug|Win32
		{3003355D-5A7F-40AC-AF4C-A93AD9AC38DB}.Release|x64.ActiveCfg = Release|x64
		{3003355D-5A7F-40AC-AF4C-A93AD9AC38DB}.Release|x64.Build.0 = Release|x64
		{3003355D-5A7F-40AC-AF4C-A93AD9AC38DB}.Release|x86.ActiveCfg = Release|Win32
		{3003355D-5A7F-40AC-AF4C-A93AD9AC38DB}.Release|x86.Build.0 = Release|Win32
		{3058C8BB-7169-45CF-8A76-EA50E2DC8099}.Debug|x64.ActiveCfg = Debug|x64
		{3058C8BB-7169-45CF-8A76-EA50E2DC8099}.Debug|x64.Build.0 = Debug|x64
		{3058C8BB-7169-45CF-8A76-EA50E2DC8099}.Debug|x86.ActiveCfg = Debug|Win32
		{3058C8BB-7169-45CF-8A76-EA50E2DC8099}.Debug|x86.Build.0 = Debug|Win32
		{3058C8BB-7169-45CF-8A76-EA50E2DC8099}.Release|x64.ActiveCfg = Release|x64
		{3058C8BB-7169-45CF-8A76-EA50E2DC8099}.Release|x64.Build.0 = Release|x64
		{3058C8BB-7169-45CF-8A76-EA50E2DC8099}.Release|x86.ActiveCfg = Release|Win32
		{3058C8BB-7169-45CF-8A76-EA50E2DC8099}.Release|x86.Build.0 = Release|Win32
		{30996A34-7FA2-4977-89D9-FBD1F2B64A18}.Debug|x64.ActiveCfg = Debug|x64
		{30996A34-7FA2-4977-89D9-FBD1F2B64A18}.Debug|x64.Build.0 = Debug|x64
		{30996A34-7FA2-4977-89D9-FBD1F2B64A18}.Debug|x86.ActiveCfg = Debug|Win32
		{30996A34-7FA2-4977-89D9-FBD1F2B64A18}.Debug|x86.Build.0 = Debug|Win32
		{30996A34-7FA2-4977-89D9-FBD1F2B64A18}.Release|x64.ActiveCfg = Release|x64
		{30996A34-7FA2-4977-89D9-FBD1F2B64A18}.Release|x64.Build.0 = Release|x64
		{30996A34-7FA2-4977-89D9-FBD1F2B64A18}.Release|x86.ActiveCfg = Release|Win32
		{30996A34-7FA2-4977-89D9-FBD1F2B64A18}.Release|x86.Build.0 = Release|Win32
		{91DCF205-F1A6-4DDF-B522-350FE40E5DDA}.Debug|x64.ActiveCfg = Debug|x64
		{91DCF205-F1A6-4DDF-B522-350FE40E5DDA}.Debug|x64.Build.0 = Debug|x64
		{91DCF205-F1A6-4DDF-B522-350FE40E5DDA}.Debug|x86.ActiveCfg = Debug|Win32
		{91DCF205-F1A6-4DDF-B522-350FE40E5DDA}.Debug|x86.Build.0 = Debug|Win32
		{91DCF205-F1A6-4DDF-B522-350FE40E5DDA}.Release|x64.ActiveCfg = Release|x64
		{91DCF205-F1A6-4DDF-B522-350FE40E5DDA}.Release|x64.Build.0 = Release|x64
		{91DCF205-F1A6-4DDF-B522-350FE40E5DDA}.Release|x86.ActiveCfg = Release|Win32
		{91DCF205-F1A6-4DDF-B522-350FE40E5DDA}.Release|x86.Build.0 = Release|Win32
		{5A68D96A-2812-4A6E-BA12-E20C779BDC3D}.Debug|x64.ActiveCfg = Debug|x64
		{5A68D96A-2812-4A6E-BA12-E20C779BDC3D}.Debug|x64.Build.0 = Debug|x64
		{5A68D96A-2812-4A6E-BA12-E20C779BDC3D}.Debug|x86.ActiveCfg = Debug|Win32
		{5A68D96A-2812-4A6E-BA12-E20C779BDC3D}.Debug|x86.Build.0 = Debug|Win32
		{5A68D96A-2812-4A6E-BA12-E20C779BDC3D}.Release|x64.ActiveCfg = Release|x64
		{5A68D96A-2812-4A6E-BA12-E20C779BDC3D}.Release|x64.Build.0 = Release|x64
		{5A68D96A-2812-4A6E-BA12-E20C779BDC3D}.Release|x86.ActiveCfg = Release|Win32
		{5A68D96A-2812-4A6E-BA12-E20C779BDC3D}.Release|x86.Build.0 = Release|Win32
		{8F3C1A72-5E4B-4C9A-9D7F-1B6A3E8C2F05}.Debug|x64.ActiveCfg = Debug|x64
		{8F3C1A72-5E4B-4C9A-9D7F-1B6A3E8C2F05}.Debug|x64.Build.0 = Debug|x64
		{8F3C1A72-5E4B-4C9A-9D7F-1B6A3E8C2F05}.Debug|x86.ActiveCfg = Debug|Win32
		{8F3C1A72-5E4B-4C9A-9D7F-1B6A3E8C2F05}.Debug|x86.Build.0 = Debug|Win32
		{8F3C1A72-5E4B-4C9A-9D7F-1B6A3E8C2F05}.Release|x64.ActiveCfg = Release|x64
		{8F3C1A72-5E4B-4C9A-9D7F-1B6A3E8C2F05}.Release|x64.Build.0 = Release|x64
		{8F3C1A72-5E4B-4C9A-9D7F-1B6A3E8C2F05}.Release|x86.ActiveCfg = Release|Win32
		{8F3C1A72-5E4B-4C9A-9D7F-1B6A3E8C2F05}.Release|x86.Build.0 = Release|Win32
		{7B2E9C4A-3D18-4F6A-9C21-8E5D0A4B1F37}.Debug|x64.ActiveCfg = Debug|x64
		{7B2E9C4A-3D18-4F6A-9C21-8E5D0A4B1F37}.Debug|x64.Build.0 = Debug|x64
		{7B2E9C4A-3D18-4F6A-9C21-8E5D0A4B1F37}.Debug|x86.ActiveCfg = Debug|Win32
		{7B2E9C4A-3D18-4F6A-9C21-8E5D0A4B1F37}.Debug|x86.Build.0 = Debug|Win32
		{7B2E9C4A-3D18-4F6A-9C21-8E5D0A4B1F37}.Release|x64.ActiveCfg = Release|x64
		{7B2E9C4A-3D18-4F6A-9C21-8E5D0A4B1F37}.Release|x64.Build.0 = Release|x64
		{7B2E9C4A-3D18-4F6A-9C21-8E5D0A4B1F37}.Release|x86.ActiveCfg = Release|Win32
		{7B2E9C4A-3D18-4F6A-9C21-8E5D0A4B1F37}.Release|x86.Build.0 = Release|Win32
		{D72C6618-04D6-4CC8-A1CC-827A043B3D5E}.Debug|x64.ActiveCfg = Debug|Any CPU
		{D72C6618-04D6-4CC8-A1CC-827A043B3D5E}.Debug|x64.Build.0 = Debug|Any CPU
		{D72C6618-04D6-4CC8-A1CC-827A043B3D5E}.Debug|x86.ActiveCfg = Debug|Any CPU
		{D72C6618-04D6-4CC8-A1CC-827A043B3D5E}.Release|x64.ActiveCfg = Release|Any CPU
		{D72C6618-04D6-4CC8-A1CC-827A043B3D5E}.Release|x64.Build.0 = Release|Any CPU
		{D72C6618-04D6-4CC8-A1CC-827A043B3D5E}.Release|x86.ActiveCfg = Release|Any CPU
		{64EC7D1F-A9C9-4283-863A-B0037D5C9B83}.Debug|x64.ActiveCfg = Debug|Any CPU
		{64EC7D1F-A9C9-4283-863A-B0037D5C9B83}.Debug|x64.Build.0 = Debug|Any CPU
		{64EC7D1F-A9C9-4283-863A-B0037D5C9B83}.Debug|x86.ActiveCfg = Debug|Any CPU
		{64EC7D1F-A9C9-4283-863A-B0037D5C9B83}.Release|x64.ActiveCfg = Release|Any CPU
		{64EC7D1F-A9C9-4283-863A-B0037D5C9B83}.Release|x64.Build.0 = Release|Any CPU
		{64EC7D1F-A9C9-4283-863A-B0037D5C9B83}.Release|x86.ActiveCfg = Release|Any CPU
		{C53E55F5-D1C9-4C6C-8856-0FD4CCFA882A}.Debug|x64.ActiveCfg = Debug|Any CPU
		{C53E55F5-D1C9-4C6C-8856-0FD4CCFA882A}.Debug|x64.Build.0 = Debug|Any CPU
		{C53E55F5-D1C9-4C6C-8856-0FD4CCFA882A}.Debug|x86.ActiveCfg = Debug|Any CPU
		{C53E55F5-D1C9-4C6C-8856-0FD4CCFA882A}.Release|x64.ActiveCfg = Release|Any CPU
		{C53E55F5-D1C9-4C6C-8856-0FD4CCFA882A}.Release|x64.Build.0 = Release|Any CPU
		{C53E55F5-D1C9-4C6C-8856-0FD4CCFA882A}.Release|x86.ActiveCfg = Release|Any CPU
		{98CE1DAE-C038-4F24-8EC5-CB151F5D2D43}.Debug|x64.ActiveCfg = Debug|Any CPU
		{98CE1DAE-C038-4F24-8EC5-CB151F5D2D43}.Debug|x64.Build.0 = Debug|Any CPU
		{98CE1DAE-C038-4F24-8EC5-CB151F5D2D43}.Debug|x86.ActiveCfg = Debug|Any CPU
		{98CE1DAE-C038-4F24-8EC5-CB151F5D2D43}.Release|x64.ActiveCfg = Release|Any CPU
		{98CE1DAE-C038-4F24-8EC5-CB151F5D2D43}.Release|x64.Build.0 = Release|Any CPU
		{98CE1DAE-C038-4F24-8EC5-CB151F5D2D43}.Release|x86.ActiveCfg = Release|Any CPU
		{FDB9E3F3-DB6E-47E6-AB72-62C92F36F046}.Debug|x64.ActiveCfg = Debug|Any CPU
		{FDB9E3F3-DB6E-47E6-AB72-62C92F36F046}.Debug|x64.Build.0 = Debug|Any CPU
		{FDB9E3F3-DB6E-47E6-AB72-62C92F36F046}.Debug|x86.ActiveCfg = Debug|Any CPU
		{FDB9E3F3-DB6E-47E6-AB72-62C92F36F046}.Release|x64.ActiveCfg = Release|Any CPU
		{FDB9E3F3-DB6E-47E6-AB72-62C92F36F046}.Release|x64.Build.0 = Release|Any CPU
		{FDB9E3F3-DB6E-47E6-AB72-62C92F36F046}.Release|x86.ActiveCfg = Release|Any CPU
		{B9D47795-A8A4-403C-86CF-B2454D758E1D}.Debug|x64.ActiveCfg = Debug|Any CPU
		{B9D47795-A8A4-403C-86CF-B2454D758E1D}.Debug|x64.Build.0 = Debug|Any CPU
		{B9D47795-A8A4-403C-86CF-B2454D758E1D}.Debug|x86.ActiveCfg = Debug|Any CPU
		{B9D47795-A8A4-403C-86CF-B2454D758E1D}.Release|x64.ActiveCfg = Release|Any CPU
		{B9D47795-A8A4-403C-86CF-B2454D758E1D}.Release|x64.Build.0 = Release|Any CPU
		{B9D47795-A8A4-403C-86CF-B2454D758E1D}.Release|x86.ActiveCfg = Release|Any CPU
		{DE6BD59F-8D75-4BAE-B332-EE9C0370E976}.Debug|x64.ActiveCfg = Debug|Any CPU
		{DE6BD59F-8D75-4BAE-B332-EE9C0370E976}.Debug|x64.Build.0 = Debug|Any CPU
		{DE6BD59F-8D75-4BAE-B332-EE9C0370E976}.Debug|x86.ActiveCfg = Debug|Any CPU
		{DE6BD59F-8D75-4BAE-B332-EE9C0370E976}.Release|x64.ActiveCfg = Release|Any CPU
		{DE6BD59F-8D75-4BAE-B332-EE9C0370E976}.Release|x64.Build.0 = Release|Any CPU
		{DE6BD59F-8D75-4BAE-B332-EE9C0370E976}.Release|x86.ActiveCfg = Release|Any CPU
	EndGlobalSection
	GlobalSection(SolutionProperties) = preSolution
		HideSolutionNode = FALSE
	EndGlobalSection
	GlobalSection(ExtensibilityGlobals) = postSolution
		SolutionGuid = {F013AC5D-E751-4EF1-8852-9771E8EC249C}
	EndGlobalSection
EndGlobal
