<?xml version="1.0" encoding="utf-8"?>
<Project ToolsVersion="4.0" xmlns="http://schemas.microsoft.com/developer/msbuild/2003">
  <ItemGroup>
    <Filter Include="D3D12">
      <UniqueIdentifier>{c98f3453-0013-419b-972f-80b971f1259f}</UniqueIdentifier>
    </Filter>
    <Filter Include="D3D12\Context">
      <UniqueIdentifier>{9ad7f978-541f-4c53-95f4-10121003e072}</UniqueIdentifier>
    </Filter>
    <Filter Include="D3D12\SwapChain">
      <UniqueIdentifier>{ee9b320e-ce31-45c4-8a7f-1f0254e3df79}</UniqueIdentifier>
    </Filter>
    <Filter Include="D3D12\Descriptor">
      <UniqueIdentifier>{bfb757bb-6fd3-4279-9084-a8dfcdbe4a82}</UniqueIdentifier>
    </Filter>
    <Filter Include="Raytracing">
      <UniqueIdentifier>{7d3bcd4c-d5e0-4cb5-ae6e-3559abef9867}</UniqueIdentifier>
    </Filter>
    <Filter Include="DLSS">
      <UniqueIdentifier>{1be039de-85c6-4b53-81b9-29546478aa19}</UniqueIdentifier>
    </Filter>
    <Filter Include="Shader">
      <UniqueIdentifier>{c99fde6c-31af-4008-b024-50f2282ca687}</UniqueIdentifier>
    </Filter>
    <Filter Include="D3D12\Buffer">
      <UniqueIdentifier>{efbffc52-9d09-490a-b71d-caad9c0333b1}</UniqueIdentifier>
    </Filter>
    <Filter Include="D3D12\PipelineState">
      <UniqueIdentifier>{08d16551-b97c-4126-ada0-012c5526904d}</UniqueIdentifier>
    </Filter>
    <Filter Include="System">
      <UniqueIdentifier>{80937562-0044-4069-a99f-95c23f89795b}</UniqueIdentifier>
    </Filter>
    <Filter Include="Camera">
      <UniqueIdentifier>{97929512-9469-45fa-a1c7-298a35baef4d}</UniqueIdentifier>
    </Filter>
    <Filter Include="Light">
      <UniqueIdentifier>{220b64fa-ebbe-486a-a28e-b37683a831c5}</UniqueIdentifier>
    </Filter>
    <Filter Include="Font">
      <UniqueIdentifier>{12edaf96-f097-4a92-be3c-844433a8d622}</UniqueIdentifier>
    </Filter>
    <Filter Include="Renderer">
      <UniqueIdentifier>{fdd5a970-03c9-418c-991e-8bb5adae7b7b}</UniqueIdentifier>
    </Filter>
    <Filter Include="Profiler">
      <UniqueIdentifier>{ce76c59d-8a43-4e37-907a-d5b1f03d0a7c}</UniqueIdentifier>
    </Filter>
    <Filter Include="Model">
      <UniqueIdentifier>{63e8609e-478c-43f5-9dfe-089230f8e891}</UniqueIdentifier>
    </Filter>
    <Filter Include="Texture">
      <UniqueIdentifier>{6fca8628-1cb0-4931-af0d-815fd7b89de7}</UniqueIdentifier>
    </Filter>
    <Filter Include="Movie">
      <UniqueIdentifier>{d3dc7096-5515-4bac-b5f7-340b1569ebb8}</UniqueIdentifier>
    </Filter>
    <Filter Include="Shape">
      <UniqueIdentifier>{b92e419f-aba5-4f11-83f5-1d462549061e}</UniqueIdentifier>
    </Filter>
    <Filter Include="Raytracing\VolumetricCloudScapes">
      <UniqueIdentifier>{3f0567de-5c33-464f-aba6-cc226367ae74}</UniqueIdentifier>
    </Filter>
    <Filter Include="Raytracing\Shadow">
      <UniqueIdentifier>{3a91c082-4abb-4c5a-8351-2a7606cae916}</UniqueIdentifier>
    </Filter>
    <Filter Include="Raytracing\GlobalIllumination">
      <UniqueIdentifier>{80eef06e-3343-413b-b614-fefcb93cdea8}</UniqueIdentifier>
    </Filter>
    <Filter Include="Raytracing\Reflection">
      <UniqueIdentifier>{73fe5681-4fbd-4e46-ad8b-ad02df49d3e3}</UniqueIdentifier>
    </Filter>
    <Filter Include="Raytracing\Refraction">
      <UniqueIdentifier>{c84e554d-297b-476d-99c7-6dde3985a017}</UniqueIdentifier>
    </Filter>
    <Filter Include="Raytracing\AmbientOcclusion">
      <UniqueIdentifier>{5cea8ec5-9f48-4beb-84b1-19acd03eddfa}</UniqueIdentifier>
    </Filter>
    <Filter Include="Raytracing\SubsurfaceScattering">
      <UniqueIdentifier>{8b84af3c-c7c1-4663-8cbf-7505a3f336a3}</UniqueIdentifier>
    </Filter>
    <Filter Include="Raytracing\Fog">
      <UniqueIdentifier>{69f74f15-c623-446a-bf42-536402bf005e}</UniqueIdentifier>
    </Filter>
    <Filter Include="Raytracing\VolumetricLight">
      <UniqueIdentifier>{26c52dd5-896d-4c66-ac36-111e97b47c3a}</UniqueIdentifier>
    </Filter>
    <Filter Include="Sky">
      <UniqueIdentifier>{aec87ce4-b590-4daa-882b-565e42f5da95}</UniqueIdentifier>
    </Filter>
    <Filter Include="Raytracing\Froxel">
      <UniqueIdentifier>{79b85352-ce37-4e49-b95e-05063a546702}</UniqueIdentifier>
    </Filter>
    <Filter Include="Shape\Outline">
      <UniqueIdentifier>{c7946744-9824-4c45-98b6-665ad836df23}</UniqueIdentifier>
    </Filter>
    <Filter Include="Model\Animation">
      <UniqueIdentifier>{2b186d73-8923-4edc-8a5f-3c39562f70af}</UniqueIdentifier>
    </Filter>
    <Filter Include="Effect">
      <UniqueIdentifier>{f0efccf4-ec71-436f-b669-98cbf33cc5ae}</UniqueIdentifier>
    </Filter>
    <Filter Include="Effect\Effekseer">
      <UniqueIdentifier>{a0296167-fc7c-4472-88c8-20685744f488}</UniqueIdentifier>
    </Filter>
    <Filter Include="Effect\Zephyr">
      <UniqueIdentifier>{5dfd7af8-e277-4153-9efd-27d6db996106}</UniqueIdentifier>
    </Filter>
    <Filter Include="PostProcess">
      <UniqueIdentifier>{79540f4d-8e4f-4035-9fdc-642b462c1bb3}</UniqueIdentifier>
    </Filter>
    <Filter Include="Decal">
      <UniqueIdentifier>{b284a0a2-7950-4667-a116-e2b76d44f3b3}</UniqueIdentifier>
    </Filter>
    <Filter Include="PostProcess\PostEffect">
      <UniqueIdentifier>{ed270c07-bf4c-40bd-982d-21c63e7031d8}</UniqueIdentifier>
    </Filter>
    <Filter Include="Constraint">
      <UniqueIdentifier>{b194b082-4dc2-4dc5-8b98-d3589574858f}</UniqueIdentifier>
    </Filter>
    <Filter Include="Shape\Collider">
      <UniqueIdentifier>{74d9b7a4-07c8-4ba1-b54a-335401152a08}</UniqueIdentifier>
    </Filter>
    <Filter Include="Environment">
      <UniqueIdentifier>{c15ca0da-c3dc-4ea6-b97f-cb704d5cd881}</UniqueIdentifier>
    </Filter>
    <Filter Include="Raytracing\VolumetricStar">
      <UniqueIdentifier>{ec32b70b-0234-4157-9ce0-e83c3232bb6c}</UniqueIdentifier>
    </Filter>
    <Filter Include="Raytracing\Caustics">
      <UniqueIdentifier>{ace9bc0a-a565-44b5-894d-857f060e12fe}</UniqueIdentifier>
    </Filter>
    <Filter Include="Model\Collision">
      <UniqueIdentifier>{0b6e0942-763b-4c4a-af40-2b64ad4da33b}</UniqueIdentifier>
    </Filter>
    <Filter Include="TAAU">
      <UniqueIdentifier>{cdaa4885-4f34-4b9b-9bcf-3ead1c9f0b08}</UniqueIdentifier>
    </Filter>
    <Filter Include="Model\Opaque">
      <UniqueIdentifier>{cf25155a-8a98-4e3b-8d25-40bf44cbec0d}</UniqueIdentifier>
    </Filter>
    <Filter Include="Model\IK">
      <UniqueIdentifier>{4ea65728-030a-4329-8dd5-64e68fd2d650}</UniqueIdentifier>
    </Filter>
    <Filter Include="Model\Material">
      <UniqueIdentifier>{42e7aadc-4d9b-4f4b-8ce7-257091f6b540}</UniqueIdentifier>
    </Filter>
    <Filter Include="Model\Morph">
      <UniqueIdentifier>{a813a9ca-5537-489b-836b-ce1bd96337f9}</UniqueIdentifier>
    </Filter>
    <Filter Include="Model\Transparent">
      <UniqueIdentifier>{43a04064-1806-428d-97fd-2327907e7139}</UniqueIdentifier>
    </Filter>
    <Filter Include="Shape\HUD">
      <UniqueIdentifier>{d40a24a7-28f0-4777-85f4-33efe3b4c038}</UniqueIdentifier>
    </Filter>
    <Filter Include="Rasterization">
      <UniqueIdentifier>{f3f08c5b-f7a2-425b-b88a-9e68b02d79d3}</UniqueIdentifier>
    </Filter>
    <Filter Include="ScreenSpace">
      <UniqueIdentifier>{a7815dd2-4cff-4bac-b1a5-2b15b8645af9}</UniqueIdentifier>
    </Filter>
    <Filter Include="Quality">
      <UniqueIdentifier>{8cd259f6-400e-482b-a014-13c3c222b703}</UniqueIdentifier>
    </Filter>
    <Filter Include="Model\Skeleton">
      <UniqueIdentifier>{9dff901e-71c5-4b7f-bf3b-8528a90b6fe8}</UniqueIdentifier>
    </Filter>
    <Filter Include="Effect\Zephyr\Module">
      <UniqueIdentifier>{5bf8e8b5-4b4d-49f1-b160-f07bdb69f1e3}</UniqueIdentifier>
    </Filter>
    <Filter Include="Model\Skin">
      <UniqueIdentifier>{89e4069c-b0c7-4fbc-830d-ff947b9a7703}</UniqueIdentifier>
    </Filter>
    <Filter Include="Model\Cluster">
      <UniqueIdentifier>{0b33f1a8-c273-42ea-af40-6fb523ed0a26}</UniqueIdentifier>
    </Filter>
    <Filter Include="Model\Depth">
      <UniqueIdentifier>{e6dbe828-904e-4def-adb5-069b52183002}</UniqueIdentifier>
    </Filter>
    <Filter Include="Model\Culling">
      <UniqueIdentifier>{c76c08b4-e06c-447b-ab5e-bd5efac6db36}</UniqueIdentifier>
    </Filter>
    <Filter Include="Texture\Compression">
      <UniqueIdentifier>{c5fd277a-0c51-4d14-8d8b-63f052c51210}</UniqueIdentifier>
    </Filter>
    <Filter Include="Texture\Sprite">
      <UniqueIdentifier>{b8bc3169-4b24-43c8-bbec-63fa8f47a8ff}</UniqueIdentifier>
    </Filter>
    <Filter Include="Texture\Billboard">
      <UniqueIdentifier>{d0b1ee2c-8512-4291-bfe3-852d6871529f}</UniqueIdentifier>
    </Filter>
    <Filter Include="Font\Sprite">
      <UniqueIdentifier>{0fcb83da-5ec8-487c-8dbf-12e4341b419f}</UniqueIdentifier>
    </Filter>
    <Filter Include="Font\Billboard">
      <UniqueIdentifier>{6bcfbe35-7acc-470d-8e07-94553d674059}</UniqueIdentifier>
    </Filter>
    <Filter Include="Movie\Sprite">
      <UniqueIdentifier>{842b63c2-9e29-48ee-b72c-db6f7ff1fbe2}</UniqueIdentifier>
    </Filter>
    <Filter Include="Movie\Billboard">
      <UniqueIdentifier>{55964158-b661-49aa-8abf-23c6ba137b8c}</UniqueIdentifier>
    </Filter>
    <Filter Include="Movie\Fullscreen">
      <UniqueIdentifier>{90aa1224-0301-45fc-9030-e1ca7d725f4e}</UniqueIdentifier>
    </Filter>
    <Filter Include="Avatar">
      <UniqueIdentifier>{2c696a44-0c81-485f-b77e-ea1f89f30465}</UniqueIdentifier>
    </Filter>
    <Filter Include="Avatar\Human">
      <UniqueIdentifier>{5cf60aa6-6af2-42a9-906f-9853ea26d8ab}</UniqueIdentifier>
    </Filter>
    <Filter Include="Avatar\Animal">
      <UniqueIdentifier>{22df3da3-1f91-4cc4-ac18-b0deb0a4e5fa}</UniqueIdentifier>
    </Filter>
    <Filter Include="Sky\IBL">
      <UniqueIdentifier>{2132ce37-828f-406b-8d49-5f3e2b7b7c26}</UniqueIdentifier>
    </Filter>
    <Filter Include="Sky\Cubemap">
      <UniqueIdentifier>{8177c022-ed1b-4820-b6e4-1c73308afb7a}</UniqueIdentifier>
    </Filter>
    <Filter Include="Shape\Screen">
      <UniqueIdentifier>{8ded964f-aae8-4f96-847e-1c1f23de5944}</UniqueIdentifier>
    </Filter>
  </ItemGroup>
  <ItemGroup>
    <ClInclude Include="D3D12\Context\D3D12Adapter.h">
      <Filter>D3D12\Context</Filter>
    </ClInclude>
    <ClInclude Include="D3D12\Context\D3D12Device.h">
      <Filter>D3D12\Context</Filter>
    </ClInclude>
    <ClInclude Include="D3D12\Context\D3D12Factory.h">
      <Filter>D3D12\Context</Filter>
    </ClInclude>
    <ClInclude Include="D3D12\Context\D3D12DebugLayer.h">
      <Filter>D3D12\Context</Filter>
    </ClInclude>
    <ClInclude Include="D3D12\D3D12Common.h">
      <Filter>D3D12</Filter>
    </ClInclude>
    <ClInclude Include="D3D12\Context\D3D12Fence.h">
      <Filter>D3D12\Context</Filter>
    </ClInclude>
    <ClInclude Include="D3D12\Context\D3D12CommandQueue.h">
      <Filter>D3D12\Context</Filter>
    </ClInclude>
    <ClInclude Include="D3D12\Context\D3D12CommandList.h">
      <Filter>D3D12\Context</Filter>
    </ClInclude>
    <ClInclude Include="D3D12\Context\D3D12CommandAllocator.h">
      <Filter>D3D12\Context</Filter>
    </ClInclude>
    <ClInclude Include="D3D12\Context\D3D12Context.h">
      <Filter>D3D12\Context</Filter>
    </ClInclude>
    <ClInclude Include="D3D12\D3D12Types.h">
      <Filter>D3D12</Filter>
    </ClInclude>
    <ClInclude Include="Graphics.h" />
    <ClInclude Include="D3D12\SwapChain\SwapChain.h">
      <Filter>D3D12\SwapChain</Filter>
    </ClInclude>
    <ClInclude Include="D3D12\Descriptor\DescriptorHeap.h">
      <Filter>D3D12\Descriptor</Filter>
    </ClInclude>
    <ClInclude Include="Shader\ShaderCompiler.h">
      <Filter>Shader</Filter>
    </ClInclude>
    <ClInclude Include="D3D12\Buffer\Buffer.h">
      <Filter>D3D12\Buffer</Filter>
    </ClInclude>
    <ClInclude Include="D3D12\Buffer\VertexBuffer.h">
      <Filter>D3D12\Buffer</Filter>
    </ClInclude>
    <ClInclude Include="D3D12\Buffer\IndexBuffer.h">
      <Filter>D3D12\Buffer</Filter>
    </ClInclude>
    <ClInclude Include="D3D12\Buffer\ConstantBuffer.h">
      <Filter>D3D12\Buffer</Filter>
    </ClInclude>
    <ClInclude Include="D3D12\Buffer\StructuredBuffer.h">
      <Filter>D3D12\Buffer</Filter>
    </ClInclude>
    <ClInclude Include="D3D12\Buffer\ArgumentBuffer.h">
      <Filter>D3D12\Buffer</Filter>
    </ClInclude>
    <ClInclude Include="D3D12\PipelineState\AmplificationShader.h">
      <Filter>D3D12\PipelineState</Filter>
    </ClInclude>
    <ClInclude Include="D3D12\PipelineState\ComputeShader.h">
      <Filter>D3D12\PipelineState</Filter>
    </ClInclude>
    <ClInclude Include="D3D12\PipelineState\DomainShader.h">
      <Filter>D3D12\PipelineState</Filter>
    </ClInclude>
    <ClInclude Include="D3D12\PipelineState\GeometryShader.h">
      <Filter>D3D12\PipelineState</Filter>
    </ClInclude>
    <ClInclude Include="D3D12\PipelineState\HullShader.h">
      <Filter>D3D12\PipelineState</Filter>
    </ClInclude>
    <ClInclude Include="D3D12\PipelineState\MeshShader.h">
      <Filter>D3D12\PipelineState</Filter>
    </ClInclude>
    <ClInclude Include="D3D12\PipelineState\PipelineStateObject.h">
      <Filter>D3D12\PipelineState</Filter>
    </ClInclude>
    <ClInclude Include="D3D12\PipelineState\PixelShader.h">
      <Filter>D3D12\PipelineState</Filter>
    </ClInclude>
    <ClInclude Include="D3D12\PipelineState\RaytracingShader.h">
      <Filter>D3D12\PipelineState</Filter>
    </ClInclude>
    <ClInclude Include="D3D12\PipelineState\RaytracingStateObject.h">
      <Filter>D3D12\PipelineState</Filter>
    </ClInclude>
    <ClInclude Include="D3D12\PipelineState\RootSignature.h">
      <Filter>D3D12\PipelineState</Filter>
    </ClInclude>
    <ClInclude Include="D3D12\PipelineState\VertexShader.h">
      <Filter>D3D12\PipelineState</Filter>
    </ClInclude>
    <ClInclude Include="Shader\ShaderCache.h">
      <Filter>Shader</Filter>
    </ClInclude>
    <ClInclude Include="D3D12\Descriptor\BindlessHeap.h">
      <Filter>D3D12\Descriptor</Filter>
    </ClInclude>
    <ClInclude Include="D3D12\PipelineState\SamplerState.h">
      <Filter>D3D12\PipelineState</Filter>
    </ClInclude>
    <ClInclude Include="DLSS\DlssManager.h">
      <Filter>DLSS</Filter>
    </ClInclude>
    <ClInclude Include="D3D12\SwapChain\GraphicsResolution.h">
      <Filter>D3D12\SwapChain</Filter>
    </ClInclude>
    <ClInclude Include="D3D12\Buffer\FrameBuffer.h">
      <Filter>D3D12\Buffer</Filter>
    </ClInclude>
    <ClInclude Include="D3D12\Buffer\GeometryBuffer.h">
      <Filter>D3D12\Buffer</Filter>
    </ClInclude>
    <ClInclude Include="D3D12\Buffer\HiZBuffer.h">
      <Filter>D3D12\Buffer</Filter>
    </ClInclude>
    <ClInclude Include="System\LightSystem.h">
      <Filter>System</Filter>
    </ClInclude>
    <ClInclude Include="System\SceneSystem.h">
      <Filter>System</Filter>
    </ClInclude>
    <ClInclude Include="Camera\Camera.h">
      <Filter>Camera</Filter>
    </ClInclude>
    <ClInclude Include="Camera\EditorCamera.h">
      <Filter>Camera</Filter>
    </ClInclude>
    <ClInclude Include="Camera\EditorCameraController.h">
      <Filter>Camera</Filter>
    </ClInclude>
    <ClInclude Include="D3D12\PipelineState\DepthStencilState.h">
      <Filter>D3D12\PipelineState</Filter>
    </ClInclude>
    <ClInclude Include="D3D12\PipelineState\BlendState.h">
      <Filter>D3D12\PipelineState</Filter>
    </ClInclude>
    <ClInclude Include="D3D12\PipelineState\RasterizerState.h">
      <Filter>D3D12\PipelineState</Filter>
    </ClInclude>
    <ClInclude Include="System\IndicesSystem.h">
      <Filter>System</Filter>
    </ClInclude>
    <ClInclude Include="Light\DirectionalLight.h">
      <Filter>Light</Filter>
    </ClInclude>
    <ClInclude Include="Light\PointLight.h">
      <Filter>Light</Filter>
    </ClInclude>
    <ClInclude Include="Light\SpotLight.h">
      <Filter>Light</Filter>
    </ClInclude>
    <ClInclude Include="Font\Text.h">
      <Filter>Font</Filter>
    </ClInclude>
    <ClInclude Include="Font\Font.h">
      <Filter>Font</Filter>
    </ClInclude>
    <ClInclude Include="Font\FontManager.h">
      <Filter>Font</Filter>
    </ClInclude>
    <ClInclude Include="Font\ShapedText.h">
      <Filter>Font</Filter>
    </ClInclude>
    <ClInclude Include="Font\FontShader.h">
      <Filter>Font</Filter>
    </ClInclude>
    <ClInclude Include="Renderer\FontRenderer.h">
      <Filter>Renderer</Filter>
    </ClInclude>
    <ClInclude Include="Renderer\Renderer.h">
      <Filter>Renderer</Filter>
    </ClInclude>
    <ClInclude Include="Font\FontResource.h">
      <Filter>Font</Filter>
    </ClInclude>
    <ClInclude Include="Profiler\ProfilerStats.h">
      <Filter>Profiler</Filter>
    </ClInclude>
    <ClInclude Include="System\CameraSystem.h">
      <Filter>System</Filter>
    </ClInclude>
    <ClInclude Include="Renderer\ModelRenderer.h">
      <Filter>Renderer</Filter>
    </ClInclude>
    <ClInclude Include="Renderer\ShapeRenderer.h">
      <Filter>Renderer</Filter>
    </ClInclude>
    <ClInclude Include="Renderer\MovieRenderer.h">
      <Filter>Renderer</Filter>
    </ClInclude>
    <ClInclude Include="Camera\CanvasCamera.h">
      <Filter>Camera</Filter>
    </ClInclude>
    <ClInclude Include="Light\SkyLight.h">
      <Filter>Light</Filter>
    </ClInclude>
    <ClInclude Include="Renderer\RaytracingRenderer.h">
      <Filter>Renderer</Filter>
    </ClInclude>
    <ClInclude Include="Sky\Skymap.h">
      <Filter>Sky</Filter>
    </ClInclude>
    <ClInclude Include="Sky\SkymapLoader.h">
      <Filter>Sky</Filter>
    </ClInclude>
    <ClInclude Include="Sky\SkymapResource.h">
      <Filter>Sky</Filter>
    </ClInclude>
    <ClInclude Include="Renderer\SkyRenderer.h">
      <Filter>Renderer</Filter>
    </ClInclude>
    <ClInclude Include="Sky\SkymapCache.h">
      <Filter>Sky</Filter>
    </ClInclude>
    <ClInclude Include="Raytracing\BottomLevelAccelerationStructure.h">
      <Filter>Raytracing</Filter>
    </ClInclude>
    <ClInclude Include="Raytracing\TopLevelAccelerationStructure.h">
      <Filter>Raytracing</Filter>
    </ClInclude>
    <ClInclude Include="Light\RectangleLight.h">
      <Filter>Light</Filter>
    </ClInclude>
    <ClInclude Include="Renderer\ViewMode.h">
      <Filter>Renderer</Filter>
    </ClInclude>
    <ClInclude Include="Shape\Outline\OutlineShader.h">
      <Filter>Shape\Outline</Filter>
    </ClInclude>
    <ClInclude Include="Renderer\OutlineRenderer.h">
      <Filter>Renderer</Filter>
    </ClInclude>
    <ClInclude Include="Raytracing\Shadow\ShadowShader.h">
      <Filter>Raytracing\Shadow</Filter>
    </ClInclude>
    <ClInclude Include="Renderer\ShadowRenderer.h">
      <Filter>Renderer</Filter>
    </ClInclude>
    <ClInclude Include="Raytracing\Shadow\ShadowDenoiseShader.h">
      <Filter>Raytracing\Shadow</Filter>
    </ClInclude>
    <ClInclude Include="Raytracing\RaytracingContext.h">
      <Filter>Raytracing</Filter>
    </ClInclude>
    <ClInclude Include="Raytracing\RaytracingView.h">
      <Filter>Raytracing</Filter>
    </ClInclude>
    <ClInclude Include="Raytracing\AmbientOcclusion\AmbientOcclusionShader.h">
      <Filter>Raytracing\AmbientOcclusion</Filter>
    </ClInclude>
    <ClInclude Include="Raytracing\AmbientOcclusion\AmbientOcclusionDenoiseShader.h">
      <Filter>Raytracing\AmbientOcclusion</Filter>
    </ClInclude>
    <ClInclude Include="Renderer\AmbientOcclusionRenderer.h">
      <Filter>Renderer</Filter>
    </ClInclude>
    <ClInclude Include="Raytracing\SubsurfaceScattering\SubsurfaceScatteringShader.h">
      <Filter>Raytracing\SubsurfaceScattering</Filter>
    </ClInclude>
    <ClInclude Include="Renderer\SubsurfaceScatteringRenderer.h">
      <Filter>Renderer</Filter>
    </ClInclude>
    <ClInclude Include="Raytracing\Reflection\ReflectionShader.h">
      <Filter>Raytracing\Reflection</Filter>
    </ClInclude>
    <ClInclude Include="Renderer\ReflectionRenderer.h">
      <Filter>Renderer</Filter>
    </ClInclude>
    <ClInclude Include="Raytracing\VolumetricCloudScapes\VolumetricCloudScapesShader.h">
      <Filter>Raytracing\VolumetricCloudScapes</Filter>
    </ClInclude>
    <ClInclude Include="Renderer\VolumetricCloudScapesRenderer.h">
      <Filter>Renderer</Filter>
    </ClInclude>
    <ClInclude Include="Raytracing\VolumetricLight\VolumetricLightShader.h">
      <Filter>Raytracing\VolumetricLight</Filter>
    </ClInclude>
    <ClInclude Include="Renderer\VolumetricLightRenderer.h">
      <Filter>Renderer</Filter>
    </ClInclude>
    <ClInclude Include="Model\Animation\Animator.h">
      <Filter>Model\Animation</Filter>
    </ClInclude>
    <ClInclude Include="Model\Animation\AnimationLoader.h">
      <Filter>Model\Animation</Filter>
    </ClInclude>
    <ClInclude Include="Model\Animation\AnimationResource.h">
      <Filter>Model\Animation</Filter>
    </ClInclude>
    <ClInclude Include="Model\Animation\Animation.h">
      <Filter>Model\Animation</Filter>
    </ClInclude>
    <ClInclude Include="D3D12\FrameRing.h">
      <Filter>D3D12</Filter>
    </ClInclude>
    <ClInclude Include="Model\Animation\AnimatorControllerState.h">
      <Filter>Model\Animation</Filter>
    </ClInclude>
    <ClInclude Include="Camera\PreviewCamera.h">
      <Filter>Camera</Filter>
    </ClInclude>
    <ClInclude Include="Renderer\EffekseerRenderer.h">
      <Filter>Renderer</Filter>
    </ClInclude>
    <ClInclude Include="Effect\Effekseer\EffekseerLoader.h">
      <Filter>Effect\Effekseer</Filter>
    </ClInclude>
    <ClInclude Include="Effect\Effekseer\EffekseerResource.h">
      <Filter>Effect\Effekseer</Filter>
    </ClInclude>
    <ClInclude Include="Effect\Effekseer\EffekseerManager.h">
      <Filter>Effect\Effekseer</Filter>
    </ClInclude>
    <ClInclude Include="Effect\Effekseer\EffekseerCache.h">
      <Filter>Effect\Effekseer</Filter>
    </ClInclude>
    <ClInclude Include="Effect\Effekseer\EffekseerFileInterface.h">
      <Filter>Effect\Effekseer</Filter>
    </ClInclude>
    <ClInclude Include="Movie\MovieLoader.h">
      <Filter>Movie</Filter>
    </ClInclude>
    <ClInclude Include="Movie\MovieResource.h">
      <Filter>Movie</Filter>
    </ClInclude>
    <ClInclude Include="Movie\MovieShader.h">
      <Filter>Movie</Filter>
    </ClInclude>
    <ClInclude Include="System\MovieSystem.h">
      <Filter>System</Filter>
    </ClInclude>
    <ClInclude Include="Texture\Image.h">
      <Filter>Texture</Filter>
    </ClInclude>
    <ClInclude Include="Texture\TextureLoader.h">
      <Filter>Texture</Filter>
    </ClInclude>
    <ClInclude Include="Texture\TextureResource.h">
      <Filter>Texture</Filter>
    </ClInclude>
    <ClInclude Include="Texture\TextureShader.h">
      <Filter>Texture</Filter>
    </ClInclude>
    <ClInclude Include="Effect\Effekseer\EffekseerEffect.h">
      <Filter>Effect\Effekseer</Filter>
    </ClInclude>
    <ClInclude Include="Font\FontLoader.h">
      <Filter>Font</Filter>
    </ClInclude>
    <ClInclude Include="Texture\Texture.h">
      <Filter>Texture</Filter>
    </ClInclude>
    <ClInclude Include="Renderer\TextureRenderer.h">
      <Filter>Renderer</Filter>
    </ClInclude>
    <ClInclude Include="Effect\Zephyr\Zephyr.h">
      <Filter>Effect\Zephyr</Filter>
    </ClInclude>
    <ClInclude Include="Effect\Zephyr\Effect.h">
      <Filter>Effect\Zephyr</Filter>
    </ClInclude>
    <ClInclude Include="Effect\Zephyr\EffectResource.h">
      <Filter>Effect\Zephyr</Filter>
    </ClInclude>
    <ClInclude Include="Effect\Zephyr\EffectLoader.h">
      <Filter>Effect\Zephyr</Filter>
    </ClInclude>
    <ClInclude Include="PostProcess\PostEffect\AnamorphicFlare.h">
      <Filter>PostProcess\PostEffect</Filter>
    </ClInclude>
    <ClInclude Include="PostProcess\PostEffect\AutoExposure.h">
      <Filter>PostProcess\PostEffect</Filter>
    </ClInclude>
    <ClInclude Include="PostProcess\PostEffect\Bokeh.h">
      <Filter>PostProcess\PostEffect</Filter>
    </ClInclude>
    <ClInclude Include="PostProcess\PostEffect\ChromaticAberration.h">
      <Filter>PostProcess\PostEffect</Filter>
    </ClInclude>
    <ClInclude Include="PostProcess\PostEffect\ColorGrading.h">
      <Filter>PostProcess\PostEffect</Filter>
    </ClInclude>
    <ClInclude Include="PostProcess\PostEffect\DepthOfField.h">
      <Filter>PostProcess\PostEffect</Filter>
    </ClInclude>
    <ClInclude Include="PostProcess\PostEffect\DirectionalBlur.h">
      <Filter>PostProcess\PostEffect</Filter>
    </ClInclude>
    <ClInclude Include="PostProcess\PostEffect\FilmGrain.h">
      <Filter>PostProcess\PostEffect</Filter>
    </ClInclude>
    <ClInclude Include="PostProcess\PostEffect\KawaseBloom.h">
      <Filter>PostProcess\PostEffect</Filter>
    </ClInclude>
    <ClInclude Include="PostProcess\PostEffect\LensDistortion.h">
      <Filter>PostProcess\PostEffect</Filter>
    </ClInclude>
    <ClInclude Include="PostProcess\PostEffect\LensFlare.h">
      <Filter>PostProcess\PostEffect</Filter>
    </ClInclude>
    <ClInclude Include="PostProcess\PostEffect\MotionBlur.h">
      <Filter>PostProcess\PostEffect</Filter>
    </ClInclude>
    <ClInclude Include="PostProcess\PostEffect\RadialBlur.h">
      <Filter>PostProcess\PostEffect</Filter>
    </ClInclude>
    <ClInclude Include="PostProcess\PostEffect\ToneMapping.h">
      <Filter>PostProcess\PostEffect</Filter>
    </ClInclude>
    <ClInclude Include="PostProcess\PostEffect\Vignette.h">
      <Filter>PostProcess\PostEffect</Filter>
    </ClInclude>
    <ClInclude Include="PostProcess\PostEffect\ZoomBlur.h">
      <Filter>PostProcess\PostEffect</Filter>
    </ClInclude>
    <ClInclude Include="Renderer\DecalRenderer.h">
      <Filter>Renderer</Filter>
    </ClInclude>
    <ClInclude Include="Renderer\PostProcessRenderer.h">
      <Filter>Renderer</Filter>
    </ClInclude>
    <ClInclude Include="Renderer\GlobalIlluminationRenderer.h">
      <Filter>Renderer</Filter>
    </ClInclude>
    <ClInclude Include="Renderer\RefractionRenderer.h">
      <Filter>Renderer</Filter>
    </ClInclude>
    <ClInclude Include="Constraint\LookAtConstraint.h">
      <Filter>Constraint</Filter>
    </ClInclude>
    <ClInclude Include="Constraint\ParentConstraint.h">
      <Filter>Constraint</Filter>
    </ClInclude>
    <ClInclude Include="Constraint\PositionConstraint.h">
      <Filter>Constraint</Filter>
    </ClInclude>
    <ClInclude Include="Constraint\RotationConstraint.h">
      <Filter>Constraint</Filter>
    </ClInclude>
    <ClInclude Include="System\ConstraintSystem.h">
      <Filter>System</Filter>
    </ClInclude>
    <ClInclude Include="Renderer\ColliderRenderer.h">
      <Filter>Renderer</Filter>
    </ClInclude>
    <ClInclude Include="Shape\Collider\ColliderLineShader.h">
      <Filter>Shape\Collider</Filter>
    </ClInclude>
    <ClInclude Include="Profiler\GpuProfiler.h">
      <Filter>Profiler</Filter>
    </ClInclude>
    <ClInclude Include="Raytracing\GlobalIllumination\GlobalIlluminationShader.h">
      <Filter>Raytracing\GlobalIllumination</Filter>
    </ClInclude>
    <ClInclude Include="PostProcess\PostProcess.h">
      <Filter>PostProcess</Filter>
    </ClInclude>
    <ClInclude Include="Raytracing\GlobalIllumination\GlobalIlluminationDenoiseShader.h">
      <Filter>Raytracing\GlobalIllumination</Filter>
    </ClInclude>
    <ClInclude Include="DLSS\DlssNormalRoughnessShader.h">
      <Filter>DLSS</Filter>
    </ClInclude>
    <ClInclude Include="Renderer\DlssRayReconstructionRenderer.h">
      <Filter>Renderer</Filter>
    </ClInclude>
    <ClInclude Include="DLSS\DlssBackgroundVelocityShader.h">
      <Filter>DLSS</Filter>
    </ClInclude>
    <ClInclude Include="Environment\Weather.h">
      <Filter>Environment</Filter>
    </ClInclude>
    <ClInclude Include="Raytracing\VolumetricStar\VolumetricStarShader.h">
      <Filter>Raytracing\VolumetricStar</Filter>
    </ClInclude>
    <ClInclude Include="Renderer\VolumetricStarRenderer.h">
      <Filter>Renderer</Filter>
    </ClInclude>
    <ClInclude Include="System\CelestialSystem.h">
      <Filter>System</Filter>
    </ClInclude>
    <ClInclude Include="System\WeatherSystem.h">
      <Filter>System</Filter>
    </ClInclude>
    <ClInclude Include="Environment\WeatherParticleShader.h">
      <Filter>Environment</Filter>
    </ClInclude>
    <ClInclude Include="Renderer\WeatherParticleRenderer.h">
      <Filter>Renderer</Filter>
    </ClInclude>
    <ClInclude Include="Raytracing\Reflection\ReflectionDenoiseShader.h">
      <Filter>Raytracing\Reflection</Filter>
    </ClInclude>
    <ClInclude Include="D3D12\Buffer\DepthResizeBuffer.h">
      <Filter>D3D12\Buffer</Filter>
    </ClInclude>
    <ClInclude Include="Raytracing\Refraction\RefractionShader.h">
      <Filter>Raytracing\Refraction</Filter>
    </ClInclude>
    <ClInclude Include="Model\Collision\MeshCollision.h">
      <Filter>Model\Collision</Filter>
    </ClInclude>
    <ClInclude Include="Model\Collision\MeshCollisionLoader.h">
      <Filter>Model\Collision</Filter>
    </ClInclude>
    <ClInclude Include="Model\Collision\MeshCollisionResource.h">
      <Filter>Model\Collision</Filter>
    </ClInclude>
    <ClInclude Include="TAAU\TaauResolveShader.h">
      <Filter>TAAU</Filter>
    </ClInclude>
    <ClInclude Include="Renderer\TaauUpsamplingRenderer.h">
      <Filter>Renderer</Filter>
    </ClInclude>
    <ClInclude Include="PostProcess\PostEffect\Sharpness.h">
      <Filter>PostProcess\PostEffect</Filter>
    </ClInclude>
    <ClInclude Include="Model\Material\MaterialResolveShader.h">
      <Filter>Model\Material</Filter>
    </ClInclude>
    <ClInclude Include="Model\Material\MaterialSortBuffer.h">
      <Filter>Model\Material</Filter>
    </ClInclude>
    <ClInclude Include="Model\Morph\MorphBlendShader.h">
      <Filter>Model\Morph</Filter>
    </ClInclude>
    <ClInclude Include="Model\Transparent\OITBuffer.h">
      <Filter>Model\Transparent</Filter>
    </ClInclude>
    <ClInclude Include="Model\Crister.h">
      <Filter>Model</Filter>
    </ClInclude>
    <ClInclude Include="Model\Mesh.h">
      <Filter>Model</Filter>
    </ClInclude>
    <ClInclude Include="Model\ModelLoader.h">
      <Filter>Model</Filter>
    </ClInclude>
    <ClInclude Include="Model\ModelResource.h">
      <Filter>Model</Filter>
    </ClInclude>
    <ClInclude Include="Model\ModelShader.h">
      <Filter>Model</Filter>
    </ClInclude>
    <ClInclude Include="Model\SoftbodyMesh.h">
      <Filter>Model</Filter>
    </ClInclude>
    <ClInclude Include="Model\IK\FullBodyIK.h">
      <Filter>Model\IK</Filter>
    </ClInclude>
    <ClInclude Include="Model\IK\IKPose.h">
      <Filter>Model\IK</Filter>
    </ClInclude>
    <ClInclude Include="Model\IK\TwoBoneIK.h">
      <Filter>Model\IK</Filter>
    </ClInclude>
    <ClInclude Include="Model\IK\FABRIK.h">
      <Filter>Model\IK</Filter>
    </ClInclude>
    <ClInclude Include="Model\IK\TreeFABRIK.h">
      <Filter>Model\IK</Filter>
    </ClInclude>
    <ClInclude Include="Renderer\ModelTransformRenderer.h">
      <Filter>Renderer</Filter>
    </ClInclude>
    <ClInclude Include="Renderer\TimelineRenderer.h">
      <Filter>Renderer</Filter>
    </ClInclude>
    <ClInclude Include="Camera\PreviewCameraController.h">
      <Filter>Camera</Filter>
    </ClInclude>
    <ClInclude Include="D3D12\Buffer\ReservoirBuffer.h">
      <Filter>D3D12\Buffer</Filter>
    </ClInclude>
    <ClInclude Include="Camera\ScreenSpace.h">
      <Filter>Camera</Filter>
    </ClInclude>
    <ClInclude Include="Shape\HUD\HUDComposeShader.h">
      <Filter>Shape\HUD</Filter>
    </ClInclude>
    <ClInclude Include="Renderer\HUDComposeRenderer.h">
      <Filter>Renderer</Filter>
    </ClInclude>
    <ClInclude Include="D3D12\Buffer\HudlessBuffer.h">
      <Filter>D3D12\Buffer</Filter>
    </ClInclude>
    <ClInclude Include="Movie\MovieByteStream.h">
      <Filter>Movie</Filter>
    </ClInclude>
    <ClInclude Include="Model\Material\Material.h">
      <Filter>Model\Material</Filter>
    </ClInclude>
    <ClInclude Include="Model\Material\MaterialLoader.h">
      <Filter>Model\Material</Filter>
    </ClInclude>
    <ClInclude Include="Model\Material\MaterialResource.h">
      <Filter>Model\Material</Filter>
    </ClInclude>
    <ClInclude Include="Model\Material\MaterialState.h">
      <Filter>Model\Material</Filter>
    </ClInclude>
    <ClInclude Include="Renderer\MaterialRenderer.h">
      <Filter>Renderer</Filter>
    </ClInclude>
    <ClInclude Include="ScreenSpace\ScreenSpaceContext.h">
      <Filter>ScreenSpace</Filter>
    </ClInclude>
    <ClInclude Include="Rasterization\RasterizationContext.h">
      <Filter>Rasterization</Filter>
    </ClInclude>
    <ClInclude Include="Quality\Upscale.h">
      <Filter>Quality</Filter>
    </ClInclude>
    <ClInclude Include="Quality\GraphicsQuality.h">
      <Filter>Quality</Filter>
    </ClInclude>
    <ClInclude Include="Constraint\AttachmentConstraint.h">
      <Filter>Constraint</Filter>
    </ClInclude>
    <ClInclude Include="Model\Skeleton\Skeleton.h">
      <Filter>Model\Skeleton</Filter>
    </ClInclude>
    <ClInclude Include="Model\Skeleton\SkeletonLoader.h">
      <Filter>Model\Skeleton</Filter>
    </ClInclude>
    <ClInclude Include="Model\Skeleton\SkeletonResource.h">
      <Filter>Model\Skeleton</Filter>
    </ClInclude>
    <ClInclude Include="System\AnimationSystem.h">
      <Filter>System</Filter>
    </ClInclude>
    <ClInclude Include="Model\Skeleton\SkeletonState.h">
      <Filter>Model\Skeleton</Filter>
    </ClInclude>
    <ClInclude Include="Constraint\IKConstraint.h">
      <Filter>Constraint</Filter>
    </ClInclude>
    <ClInclude Include="Renderer\SkeletonControllerRenderer.h">
      <Filter>Renderer</Filter>
    </ClInclude>
    <ClInclude Include="Shader\ShaderHotReload.h">
      <Filter>Shader</Filter>
    </ClInclude>
    <ClInclude Include="Model\ModelExporter.h">
      <Filter>Model</Filter>
    </ClInclude>
    <ClInclude Include="Avatar\Human\HumanCharacterModel.h">
      <Filter>Avatar\Human</Filter>
    </ClInclude>
    <ClInclude Include="Avatar\Human\HumanCharacterEvaluator.h">
      <Filter>Avatar\Human</Filter>
    </ClInclude>
    <ClInclude Include="Avatar\Human\HumanCharacterConverter.h">
      <Filter>Avatar\Human</Filter>
    </ClInclude>
    <ClInclude Include="Avatar\AvatarMesh.h">
      <Filter>Avatar</Filter>
    </ClInclude>
    <ClInclude Include="Renderer\AvatarRenderer.h">
      <Filter>Renderer</Filter>
    </ClInclude>
    <ClInclude Include="Avatar\Animal\AnimalCharacterConverter.h">
      <Filter>Avatar\Animal</Filter>
    </ClInclude>
    <ClInclude Include="Avatar\Animal\AnimalCharacterEvaluator.h">
      <Filter>Avatar\Animal</Filter>
    </ClInclude>
    <ClInclude Include="Avatar\Animal\AnimalCharacterModel.h">
      <Filter>Avatar\Animal</Filter>
    </ClInclude>
    <ClInclude Include="Effect\Zephyr\ZephyrModuleRegistry.h">
      <Filter>Effect\Zephyr</Filter>
    </ClInclude>
    <ClInclude Include="Effect\Zephyr\ZephyrModuleAssembler.h">
      <Filter>Effect\Zephyr</Filter>
    </ClInclude>
    <ClInclude Include="Model\ModelRecord.h">
      <Filter>Model</Filter>
    </ClInclude>
    <ClInclude Include="Camera\CameraBrain.h">
      <Filter>Camera</Filter>
    </ClInclude>
    <ClInclude Include="D3D12\Context\D3D12Check.h">
      <Filter>D3D12\Context</Filter>
    </ClInclude>
    <ClInclude Include="Model\Skin\SkinBlendShader.h">
      <Filter>Model\Skin</Filter>
    </ClInclude>
    <ClInclude Include="Model\Cluster\QuadricErrorMetrics.h">
      <Filter>Model\Cluster</Filter>
    </ClInclude>
    <ClInclude Include="Model\Culling\ModelCullingBuffer.h">
      <Filter>Model\Culling</Filter>
    </ClInclude>
    <ClInclude Include="Texture\Compression\BC7CompressShader.h">
      <Filter>Texture\Compression</Filter>
    </ClInclude>
    <ClInclude Include="Shape\Screen\FadeScreen.h">
      <Filter>Shape\Screen</Filter>
    </ClInclude>
    <ClInclude Include="Shape\Screen\SplashScreen.h">
      <Filter>Shape\Screen</Filter>
    </ClInclude>
    <ClInclude Include="Texture\TextureLoader.h">
      <Filter>Texture</Filter>
    </ClInclude>
    <ClInclude Include="Movie\Video.h">
      <Filter>Movie</Filter>
    </ClInclude>
    <ClInclude Include="Movie\Movie.h">
      <Filter>Movie</Filter>
    </ClInclude>
    <ClInclude Include="Movie\MovieDecoder.h">
      <Filter>Movie</Filter>
    </ClInclude>
    <ClInclude Include="Shape\Screen\LetterScreen.h">
      <Filter>Shape\Screen</Filter>
    </ClInclude>
    <ClInclude Include="Shape\Screen\BootScreen.h">
      <Filter>Shape\Screen</Filter>
    </ClInclude>
    <ClInclude Include="Renderer\BootScreenRenderer.h">
      <Filter>Renderer</Filter>
    </ClInclude>
    <ClInclude Include="System\SplashSystem.h">
      <Filter>System</Filter>
    </ClInclude>
  </ItemGroup>
  <ItemGroup>
    <ClCompile Include="D3D12\Context\D3D12Adapter.cpp">
      <Filter>D3D12\Context</Filter>
    </ClCompile>
    <ClCompile Include="D3D12\Context\D3D12Device.cpp">
      <Filter>D3D12\Context</Filter>
    </ClCompile>
    <ClCompile Include="D3D12\Context\D3D12Factory.cpp">
      <Filter>D3D12\Context</Filter>
    </ClCompile>
    <ClCompile Include="D3D12\Context\D3D12DebugLayer.cpp">
      <Filter>D3D12\Context</Filter>
    </ClCompile>
    <ClCompile Include="D3D12\Context\D3D12Fence.cpp">
      <Filter>D3D12\Context</Filter>
    </ClCompile>
    <ClCompile Include="D3D12\Context\D3D12CommandQueue.cpp">
      <Filter>D3D12\Context</Filter>
    </ClCompile>
    <ClCompile Include="D3D12\Context\D3D12CommandList.cpp">
      <Filter>D3D12\Context</Filter>
    </ClCompile>
    <ClCompile Include="D3D12\Context\D3D12CommandAllocator.cpp">
      <Filter>D3D12\Context</Filter>
    </ClCompile>
    <ClCompile Include="D3D12\Context\D3D12Context.cpp">
      <Filter>D3D12\Context</Filter>
    </ClCompile>
    <ClCompile Include="Graphics.cpp" />
    <ClCompile Include="D3D12\SwapChain\SwapChain.cpp">
      <Filter>D3D12\SwapChain</Filter>
    </ClCompile>
    <ClCompile Include="D3D12\Descriptor\DescriptorHeap.cpp">
      <Filter>D3D12\Descriptor</Filter>
    </ClCompile>
    <ClCompile Include="Shader\ShaderCompiler.cpp">
      <Filter>Shader</Filter>
    </ClCompile>
    <ClCompile Include="D3D12\Buffer\IndexBuffer.cpp">
      <Filter>D3D12\Buffer</Filter>
    </ClCompile>
    <ClCompile Include="D3D12\Buffer\ArgumentBuffer.cpp">
      <Filter>D3D12\Buffer</Filter>
    </ClCompile>
    <ClCompile Include="D3D12\PipelineState\AmplificationShader.cpp">
      <Filter>D3D12\PipelineState</Filter>
    </ClCompile>
    <ClCompile Include="D3D12\PipelineState\ComputeShader.cpp">
      <Filter>D3D12\PipelineState</Filter>
    </ClCompile>
    <ClCompile Include="D3D12\PipelineState\DomainShader.cpp">
      <Filter>D3D12\PipelineState</Filter>
    </ClCompile>
    <ClCompile Include="D3D12\PipelineState\GeometryShader.cpp">
      <Filter>D3D12\PipelineState</Filter>
    </ClCompile>
    <ClCompile Include="D3D12\PipelineState\HullShader.cpp">
      <Filter>D3D12\PipelineState</Filter>
    </ClCompile>
    <ClCompile Include="D3D12\PipelineState\MeshShader.cpp">
      <Filter>D3D12\PipelineState</Filter>
    </ClCompile>
    <ClCompile Include="D3D12\PipelineState\PipelineStateObject.cpp">
      <Filter>D3D12\PipelineState</Filter>
    </ClCompile>
    <ClCompile Include="D3D12\PipelineState\PixelShader.cpp">
      <Filter>D3D12\PipelineState</Filter>
    </ClCompile>
    <ClCompile Include="D3D12\PipelineState\RaytracingShader.cpp">
      <Filter>D3D12\PipelineState</Filter>
    </ClCompile>
    <ClCompile Include="D3D12\PipelineState\RaytracingStateObject.cpp">
      <Filter>D3D12\PipelineState</Filter>
    </ClCompile>
    <ClCompile Include="D3D12\PipelineState\RootSignature.cpp">
      <Filter>D3D12\PipelineState</Filter>
    </ClCompile>
    <ClCompile Include="D3D12\PipelineState\VertexShader.cpp">
      <Filter>D3D12\PipelineState</Filter>
    </ClCompile>
    <ClCompile Include="Shader\ShaderCache.cpp">
      <Filter>Shader</Filter>
    </ClCompile>
    <ClCompile Include="D3D12\Descriptor\BindlessHeap.cpp">
      <Filter>D3D12\Descriptor</Filter>
    </ClCompile>
    <ClCompile Include="D3D12\PipelineState\SamplerState.cpp">
      <Filter>D3D12\PipelineState</Filter>
    </ClCompile>
    <ClCompile Include="DLSS\DlssManager.cpp">
      <Filter>DLSS</Filter>
    </ClCompile>
    <ClCompile Include="D3D12\Buffer\FrameBuffer.cpp">
      <Filter>D3D12\Buffer</Filter>
    </ClCompile>
    <ClCompile Include="D3D12\Buffer\GeometryBuffer.cpp">
      <Filter>D3D12\Buffer</Filter>
    </ClCompile>
    <ClCompile Include="D3D12\Buffer\HiZBuffer.cpp">
      <Filter>D3D12\Buffer</Filter>
    </ClCompile>
    <ClCompile Include="System\LightSystem.cpp">
      <Filter>System</Filter>
    </ClCompile>
    <ClCompile Include="System\SceneSystem.cpp">
      <Filter>System</Filter>
    </ClCompile>
    <ClCompile Include="Camera\EditorCamera.cpp">
      <Filter>Camera</Filter>
    </ClCompile>
    <ClCompile Include="Camera\EditorCameraController.cpp">
      <Filter>Camera</Filter>
    </ClCompile>
    <ClCompile Include="D3D12\PipelineState\DepthStencilState.cpp">
      <Filter>D3D12\PipelineState</Filter>
    </ClCompile>
    <ClCompile Include="D3D12\PipelineState\BlendState.cpp">
      <Filter>D3D12\PipelineState</Filter>
    </ClCompile>
    <ClCompile Include="D3D12\PipelineState\RasterizerState.cpp">
      <Filter>D3D12\PipelineState</Filter>
    </ClCompile>
    <ClCompile Include="System\IndicesSystem.cpp">
      <Filter>System</Filter>
    </ClCompile>
    <ClCompile Include="Prelude.cpp" />
    <ClCompile Include="Font\Font.cpp">
      <Filter>Font</Filter>
    </ClCompile>
    <ClCompile Include="Font\FontManager.cpp">
      <Filter>Font</Filter>
    </ClCompile>
    <ClCompile Include="Font\ShapedText.cpp">
      <Filter>Font</Filter>
    </ClCompile>
    <ClCompile Include="Font\FontShader.cpp">
      <Filter>Font</Filter>
    </ClCompile>
    <ClCompile Include="Renderer\Renderer.cpp">
      <Filter>Renderer</Filter>
    </ClCompile>
    <ClCompile Include="Renderer\FontRenderer.cpp">
      <Filter>Renderer</Filter>
    </ClCompile>
    <ClCompile Include="Font\FontResource.cpp">
      <Filter>Font</Filter>
    </ClCompile>
    <ClCompile Include="System\CameraSystem.cpp">
      <Filter>System</Filter>
    </ClCompile>
    <ClCompile Include="Renderer\ModelRenderer.cpp">
      <Filter>Renderer</Filter>
    </ClCompile>
    <ClCompile Include="Renderer\ShapeRenderer.cpp">
      <Filter>Renderer</Filter>
    </ClCompile>
    <ClCompile Include="Renderer\MovieRenderer.cpp">
      <Filter>Renderer</Filter>
    </ClCompile>
    <ClCompile Include="Camera\CanvasCamera.cpp">
      <Filter>Camera</Filter>
    </ClCompile>
    <ClCompile Include="Renderer\RaytracingRenderer.cpp">
      <Filter>Renderer</Filter>
    </ClCompile>
    <ClCompile Include="Sky\Skymap.cpp">
      <Filter>Sky</Filter>
    </ClCompile>
    <ClCompile Include="Sky\SkymapLoader.cpp">
      <Filter>Sky</Filter>
    </ClCompile>
    <ClCompile Include="Sky\SkymapResource.cpp">
      <Filter>Sky</Filter>
    </ClCompile>
    <ClCompile Include="Renderer\SkyRenderer.cpp">
      <Filter>Renderer</Filter>
    </ClCompile>
    <ClCompile Include="Sky\SkymapCache.cpp">
      <Filter>Sky</Filter>
    </ClCompile>
    <ClCompile Include="Raytracing\BottomLevelAccelerationStructure.cpp">
      <Filter>Raytracing</Filter>
    </ClCompile>
    <ClCompile Include="Raytracing\TopLevelAccelerationStructure.cpp">
      <Filter>Raytracing</Filter>
    </ClCompile>
    <ClCompile Include="Shape\Outline\OutlineShader.cpp">
      <Filter>Shape\Outline</Filter>
    </ClCompile>
    <ClCompile Include="Renderer\OutlineRenderer.cpp">
      <Filter>Renderer</Filter>
    </ClCompile>
    <ClCompile Include="Raytracing\Shadow\ShadowShader.cpp">
      <Filter>Raytracing\Shadow</Filter>
    </ClCompile>
    <ClCompile Include="Renderer\ShadowRenderer.cpp">
      <Filter>Renderer</Filter>
    </ClCompile>
    <ClCompile Include="Raytracing\Shadow\ShadowDenoiseShader.cpp">
      <Filter>Raytracing\Shadow</Filter>
    </ClCompile>
    <ClCompile Include="Raytracing\AmbientOcclusion\AmbientOcclusionShader.cpp">
      <Filter>Raytracing\AmbientOcclusion</Filter>
    </ClCompile>
    <ClCompile Include="Raytracing\AmbientOcclusion\AmbientOcclusionDenoiseShader.cpp">
      <Filter>Raytracing\AmbientOcclusion</Filter>
    </ClCompile>
    <ClCompile Include="Renderer\AmbientOcclusionRenderer.cpp">
      <Filter>Renderer</Filter>
    </ClCompile>
    <ClCompile Include="Raytracing\SubsurfaceScattering\SubsurfaceScatteringShader.cpp">
      <Filter>Raytracing\SubsurfaceScattering</Filter>
    </ClCompile>
    <ClCompile Include="Renderer\SubsurfaceScatteringRenderer.cpp">
      <Filter>Renderer</Filter>
    </ClCompile>
    <ClCompile Include="Raytracing\Reflection\ReflectionShader.cpp">
      <Filter>Raytracing\Reflection</Filter>
    </ClCompile>
    <ClCompile Include="Renderer\ReflectionRenderer.cpp">
      <Filter>Renderer</Filter>
    </ClCompile>
    <ClCompile Include="Raytracing\VolumetricCloudScapes\VolumetricCloudScapesShader.cpp">
      <Filter>Raytracing\VolumetricCloudScapes</Filter>
    </ClCompile>
    <ClCompile Include="Renderer\VolumetricCloudScapesRenderer.cpp">
      <Filter>Renderer</Filter>
    </ClCompile>
    <ClCompile Include="Raytracing\VolumetricLight\VolumetricLightShader.cpp">
      <Filter>Raytracing\VolumetricLight</Filter>
    </ClCompile>
    <ClCompile Include="Renderer\VolumetricLightRenderer.cpp">
      <Filter>Renderer</Filter>
    </ClCompile>
    <ClCompile Include="Model\Animation\Animator.cpp">
      <Filter>Model\Animation</Filter>
    </ClCompile>
    <ClCompile Include="Model\Animation\AnimationLoader.cpp">
      <Filter>Model\Animation</Filter>
    </ClCompile>
    <ClCompile Include="Model\Animation\AnimationResource.cpp">
      <Filter>Model\Animation</Filter>
    </ClCompile>
    <ClCompile Include="Model\Animation\Animation.cpp">
      <Filter>Model\Animation</Filter>
    </ClCompile>
    <ClCompile Include="Camera\PreviewCamera.cpp">
      <Filter>Camera</Filter>
    </ClCompile>
    <ClCompile Include="Renderer\EffekseerRenderer.cpp">
      <Filter>Renderer</Filter>
    </ClCompile>
    <ClCompile Include="Effect\Effekseer\EffekseerLoader.cpp">
      <Filter>Effect\Effekseer</Filter>
    </ClCompile>
    <ClCompile Include="Effect\Effekseer\EffekseerResource.cpp">
      <Filter>Effect\Effekseer</Filter>
    </ClCompile>
    <ClCompile Include="Effect\Effekseer\EffekseerManager.cpp">
      <Filter>Effect\Effekseer</Filter>
    </ClCompile>
    <ClCompile Include="Effect\Effekseer\EffekseerFileInterface.cpp">
      <Filter>Effect\Effekseer</Filter>
    </ClCompile>
    <ClCompile Include="Movie\MovieLoader.cpp">
      <Filter>Movie</Filter>
    </ClCompile>
    <ClCompile Include="Movie\MovieResource.cpp">
      <Filter>Movie</Filter>
    </ClCompile>
    <ClCompile Include="Movie\MovieShader.cpp">
      <Filter>Movie</Filter>
    </ClCompile>
    <ClCompile Include="System\MovieSystem.cpp">
      <Filter>System</Filter>
    </ClCompile>
    <ClCompile Include="Texture\TextureLoader.cpp">
      <Filter>Texture</Filter>
    </ClCompile>
    <ClCompile Include="Effect\Effekseer\EffekseerEffect.cpp">
      <Filter>Effect\Effekseer</Filter>
    </ClCompile>
    <ClCompile Include="Font\FontLoader.cpp">
      <Filter>Font</Filter>
    </ClCompile>
    <ClCompile Include="Texture\Texture.cpp">
      <Filter>Texture</Filter>
    </ClCompile>
    <ClCompile Include="Texture\TextureResource.cpp">
      <Filter>Texture</Filter>
    </ClCompile>
    <ClCompile Include="Texture\TextureShader.cpp">
      <Filter>Texture</Filter>
    </ClCompile>
    <ClCompile Include="Renderer\TextureRenderer.cpp">
      <Filter>Renderer</Filter>
    </ClCompile>
    <ClCompile Include="Effect\Zephyr\EffectResource.cpp">
      <Filter>Effect\Zephyr</Filter>
    </ClCompile>
    <ClCompile Include="Effect\Zephyr\EffectLoader.cpp">
      <Filter>Effect\Zephyr</Filter>
    </ClCompile>
    <ClCompile Include="PostProcess\PostEffect\AnamorphicFlare.cpp">
      <Filter>PostProcess\PostEffect</Filter>
    </ClCompile>
    <ClCompile Include="PostProcess\PostEffect\AutoExposure.cpp">
      <Filter>PostProcess\PostEffect</Filter>
    </ClCompile>
    <ClCompile Include="PostProcess\PostEffect\Bokeh.cpp">
      <Filter>PostProcess\PostEffect</Filter>
    </ClCompile>
    <ClCompile Include="PostProcess\PostEffect\ChromaticAberration.cpp">
      <Filter>PostProcess\PostEffect</Filter>
    </ClCompile>
    <ClCompile Include="PostProcess\PostEffect\ColorGrading.cpp">
      <Filter>PostProcess\PostEffect</Filter>
    </ClCompile>
    <ClCompile Include="PostProcess\PostEffect\DepthOfField.cpp">
      <Filter>PostProcess\PostEffect</Filter>
    </ClCompile>
    <ClCompile Include="PostProcess\PostEffect\DirectionalBlur.cpp">
      <Filter>PostProcess\PostEffect</Filter>
    </ClCompile>
    <ClCompile Include="PostProcess\PostEffect\FilmGrain.cpp">
      <Filter>PostProcess\PostEffect</Filter>
    </ClCompile>
    <ClCompile Include="PostProcess\PostEffect\KawaseBloom.cpp">
      <Filter>PostProcess\PostEffect</Filter>
    </ClCompile>
    <ClCompile Include="PostProcess\PostEffect\LensDistortion.cpp">
      <Filter>PostProcess\PostEffect</Filter>
    </ClCompile>
    <ClCompile Include="PostProcess\PostEffect\LensFlare.cpp">
      <Filter>PostProcess\PostEffect</Filter>
    </ClCompile>
    <ClCompile Include="PostProcess\PostEffect\MotionBlur.cpp">
      <Filter>PostProcess\PostEffect</Filter>
    </ClCompile>
    <ClCompile Include="PostProcess\PostEffect\RadialBlur.cpp">
      <Filter>PostProcess\PostEffect</Filter>
    </ClCompile>
    <ClCompile Include="PostProcess\PostEffect\ToneMapping.cpp">
      <Filter>PostProcess\PostEffect</Filter>
    </ClCompile>
    <ClCompile Include="PostProcess\PostEffect\Vignette.cpp">
      <Filter>PostProcess\PostEffect</Filter>
    </ClCompile>
    <ClCompile Include="PostProcess\PostEffect\ZoomBlur.cpp">
      <Filter>PostProcess\PostEffect</Filter>
    </ClCompile>
    <ClCompile Include="Renderer\DecalRenderer.cpp">
      <Filter>Renderer</Filter>
    </ClCompile>
    <ClCompile Include="Renderer\PostProcessRenderer.cpp">
      <Filter>Renderer</Filter>
    </ClCompile>
    <ClCompile Include="Renderer\GlobalIlluminationRenderer.cpp">
      <Filter>Renderer</Filter>
    </ClCompile>
    <ClCompile Include="Renderer\RefractionRenderer.cpp">
      <Filter>Renderer</Filter>
    </ClCompile>
    <ClCompile Include="System\ConstraintSystem.cpp">
      <Filter>System</Filter>
    </ClCompile>
    <ClCompile Include="Renderer\ColliderRenderer.cpp">
      <Filter>Renderer</Filter>
    </ClCompile>
    <ClCompile Include="Shape\Collider\ColliderLineShader.cpp">
      <Filter>Shape\Collider</Filter>
    </ClCompile>
    <ClCompile Include="Profiler\GpuProfiler.cpp">
      <Filter>Profiler</Filter>
    </ClCompile>
    <ClCompile Include="Raytracing\GlobalIllumination\GlobalIlluminationShader.cpp">
      <Filter>Raytracing\GlobalIllumination</Filter>
    </ClCompile>
    <ClCompile Include="Raytracing\GlobalIllumination\GlobalIlluminationDenoiseShader.cpp">
      <Filter>Raytracing\GlobalIllumination</Filter>
    </ClCompile>
    <ClCompile Include="DLSS\DlssNormalRoughnessShader.cpp">
      <Filter>DLSS</Filter>
    </ClCompile>
    <ClCompile Include="Renderer\DlssRayReconstructionRenderer.cpp">
      <Filter>Renderer</Filter>
    </ClCompile>
    <ClCompile Include="DLSS\DlssBackgroundVelocityShader.cpp">
      <Filter>DLSS</Filter>
    </ClCompile>
    <ClCompile Include="Raytracing\VolumetricStar\VolumetricStarShader.cpp">
      <Filter>Raytracing\VolumetricStar</Filter>
    </ClCompile>
    <ClCompile Include="Renderer\VolumetricStarRenderer.cpp">
      <Filter>Renderer</Filter>
    </ClCompile>
    <ClCompile Include="System\CelestialSystem.cpp">
      <Filter>System</Filter>
    </ClCompile>
    <ClCompile Include="System\WeatherSystem.cpp">
      <Filter>System</Filter>
    </ClCompile>
    <ClCompile Include="Environment\WeatherParticleShader.cpp">
      <Filter>Environment</Filter>
    </ClCompile>
    <ClCompile Include="Renderer\WeatherParticleRenderer.cpp">
      <Filter>Renderer</Filter>
    </ClCompile>
    <ClCompile Include="Raytracing\Reflection\ReflectionDenoiseShader.cpp">
      <Filter>Raytracing\Reflection</Filter>
    </ClCompile>
    <ClCompile Include="D3D12\Buffer\DepthResizeBuffer.cpp">
      <Filter>D3D12\Buffer</Filter>
    </ClCompile>
    <ClCompile Include="Raytracing\Refraction\RefractionShader.cpp">
      <Filter>Raytracing\Refraction</Filter>
    </ClCompile>
    <ClCompile Include="Model\Collision\MeshCollision.cpp">
      <Filter>Model\Collision</Filter>
    </ClCompile>
    <ClCompile Include="Model\Collision\MeshCollisionLoader.cpp">
      <Filter>Model\Collision</Filter>
    </ClCompile>
    <ClCompile Include="Model\Collision\MeshCollisionResource.cpp">
      <Filter>Model\Collision</Filter>
    </ClCompile>
    <ClCompile Include="TAAU\TaauResolveShader.cpp">
      <Filter>TAAU</Filter>
    </ClCompile>
    <ClCompile Include="Renderer\TaauUpsamplingRenderer.cpp">
      <Filter>Renderer</Filter>
    </ClCompile>
    <ClCompile Include="PostProcess\PostEffect\Sharpness.cpp">
      <Filter>PostProcess\PostEffect</Filter>
    </ClCompile>
    <ClCompile Include="Model\Material\MaterialResolveShader.cpp">
      <Filter>Model\Material</Filter>
    </ClCompile>
    <ClCompile Include="Model\Material\MaterialSortBuffer.cpp">
      <Filter>Model\Material</Filter>
    </ClCompile>
    <ClCompile Include="Model\Morph\MorphBlendShader.cpp">
      <Filter>Model\Morph</Filter>
    </ClCompile>
    <ClCompile Include="Model\Transparent\OITBuffer.cpp">
      <Filter>Model\Transparent</Filter>
    </ClCompile>
    <ClCompile Include="Model\Crister.cpp">
      <Filter>Model</Filter>
    </ClCompile>
    <ClCompile Include="Model\ModelCommon.cpp">
      <Filter>Model</Filter>
    </ClCompile>
    <ClCompile Include="Model\ModelLoader.cpp">
      <Filter>Model</Filter>
    </ClCompile>
    <ClCompile Include="Model\ModelResource.cpp">
      <Filter>Model</Filter>
    </ClCompile>
    <ClCompile Include="Model\ModelShader.cpp">
      <Filter>Model</Filter>
    </ClCompile>
    <ClCompile Include="Model\SoftbodyMesh.cpp">
      <Filter>Model</Filter>
    </ClCompile>
    <ClCompile Include="Model\IK\FullBodyIK.cpp">
      <Filter>Model\IK</Filter>
    </ClCompile>
    <ClCompile Include="Model\IK\IKPose.cpp">
      <Filter>Model\IK</Filter>
    </ClCompile>
    <ClCompile Include="Model\IK\TwoBoneIK.cpp">
      <Filter>Model\IK</Filter>
    </ClCompile>
    <ClCompile Include="Model\IK\FABRIK.cpp">
      <Filter>Model\IK</Filter>
    </ClCompile>
    <ClCompile Include="Model\IK\TreeFABRIK.cpp">
      <Filter>Model\IK</Filter>
    </ClCompile>
    <ClCompile Include="Renderer\ModelTransformRenderer.cpp">
      <Filter>Renderer</Filter>
    </ClCompile>
    <ClCompile Include="Renderer\TimelineRenderer.cpp">
      <Filter>Renderer</Filter>
    </ClCompile>
    <ClCompile Include="Camera\PreviewCameraController.cpp">
      <Filter>Camera</Filter>
    </ClCompile>
    <ClCompile Include="D3D12\Buffer\ReservoirBuffer.cpp">
      <Filter>D3D12\Buffer</Filter>
    </ClCompile>
    <ClCompile Include="Camera\ScreenSpace.cpp">
      <Filter>Camera</Filter>
    </ClCompile>
    <ClCompile Include="Shape\HUD\HUDComposeShader.cpp">
      <Filter>Shape\HUD</Filter>
    </ClCompile>
    <ClCompile Include="Renderer\HUDComposeRenderer.cpp">
      <Filter>Renderer</Filter>
    </ClCompile>
    <ClCompile Include="D3D12\Buffer\HudlessBuffer.cpp">
      <Filter>D3D12\Buffer</Filter>
    </ClCompile>
    <ClCompile Include="Movie\MovieByteStream.cpp">
      <Filter>Movie</Filter>
    </ClCompile>
    <ClCompile Include="Model\Material\MaterialLoader.cpp">
      <Filter>Model\Material</Filter>
    </ClCompile>
    <ClCompile Include="Model\Material\MaterialResource.cpp">
      <Filter>Model\Material</Filter>
    </ClCompile>
    <ClCompile Include="Renderer\MaterialRenderer.cpp">
      <Filter>Renderer</Filter>
    </ClCompile>
    <ClCompile Include="Model\Material\Material.cpp">
      <Filter>Model\Material</Filter>
    </ClCompile>
    <ClCompile Include="Quality\GraphicsQuality.cpp">
      <Filter>Quality</Filter>
    </ClCompile>
    <ClCompile Include="Constraint\AttachmentConstraint.cpp">
      <Filter>Constraint</Filter>
    </ClCompile>
    <ClCompile Include="Model\Skeleton\Skeleton.cpp">
      <Filter>Model\Skeleton</Filter>
    </ClCompile>
    <ClCompile Include="Model\Skeleton\SkeletonLoader.cpp">
      <Filter>Model\Skeleton</Filter>
    </ClCompile>
    <ClCompile Include="Model\Skeleton\SkeletonResource.cpp">
      <Filter>Model\Skeleton</Filter>
    </ClCompile>
    <ClCompile Include="System\AnimationSystem.cpp">
      <Filter>System</Filter>
    </ClCompile>
    <ClCompile Include="Constraint\IKConstraint.cpp">
      <Filter>Constraint</Filter>
    </ClCompile>
    <ClCompile Include="Renderer\SkeletonControllerRenderer.cpp">
      <Filter>Renderer</Filter>
    </ClCompile>
    <ClCompile Include="Shader\ShaderHotReload.cpp">
      <Filter>Shader</Filter>
    </ClCompile>
    <ClCompile Include="Model\ModelExporter.cpp">
      <Filter>Model</Filter>
    </ClCompile>
    <ClCompile Include="Avatar\Human\HumanCharacterModel.cpp">
      <Filter>Avatar\Human</Filter>
    </ClCompile>
    <ClCompile Include="Avatar\Human\HumanCharacterEvaluator.cpp">
      <Filter>Avatar\Human</Filter>
    </ClCompile>
    <ClCompile Include="Avatar\Human\HumanCharacterConverter.cpp">
      <Filter>Avatar\Human</Filter>
    </ClCompile>
    <ClCompile Include="Avatar\AvatarMesh.cpp">
      <Filter>Avatar</Filter>
    </ClCompile>
    <ClCompile Include="Renderer\AvatarRenderer.cpp">
      <Filter>Renderer</Filter>
    </ClCompile>
    <ClCompile Include="Avatar\Animal\AnimalCharacterConverter.cpp">
      <Filter>Avatar\Animal</Filter>
    </ClCompile>
    <ClCompile Include="Avatar\Animal\AnimalCharacterEvaluator.cpp">
      <Filter>Avatar\Animal</Filter>
    </ClCompile>
    <ClCompile Include="Avatar\Animal\AnimalCharacterModel.cpp">
      <Filter>Avatar\Animal</Filter>
    </ClCompile>
    <ClCompile Include="Effect\Zephyr\ZephyrModuleRegistry.cpp">
      <Filter>Effect\Zephyr</Filter>
    </ClCompile>
    <ClCompile Include="Effect\Zephyr\ZephyrModuleAssembler.cpp">
      <Filter>Effect\Zephyr</Filter>
    </ClCompile>
    <ClCompile Include="Camera\CameraBrain.cpp">
      <Filter>Camera</Filter>
    </ClCompile>
    <ClCompile Include="D3D12\Context\D3D12Check.cpp">
      <Filter>D3D12\Context</Filter>
    </ClCompile>
    <ClCompile Include="Model\Skin\SkinBlendShader.cpp">
      <Filter>Model\Skin</Filter>
    </ClCompile>
    <ClCompile Include="Model\Cluster\QuadricErrorMetrics.cpp">
      <Filter>Model\Cluster</Filter>
    </ClCompile>
    <ClCompile Include="Model\Culling\ModelCullingBuffer.cpp">
      <Filter>Model\Culling</Filter>
    </ClCompile>
    <ClCompile Include="Texture\Compression\BC7CompressShader.cpp">
      <Filter>Texture\Compression</Filter>
    </ClCompile>
    <ClCompile Include="Shape\Screen\FadeScreen.cpp">
      <Filter>Shape\Screen</Filter>
    </ClCompile>
    <ClCompile Include="Shape\Screen\SplashScreen.cpp">
      <Filter>Shape\Screen</Filter>
    </ClCompile>
    <ClCompile Include="Texture\TextureLoader.cpp">
      <Filter>Texture</Filter>
    </ClCompile>
    <ClCompile Include="Movie\MovieDecoder.cpp">
      <Filter>Movie</Filter>
    </ClCompile>
    <ClCompile Include="Movie\Video.cpp">
      <Filter>Movie</Filter>
    </ClCompile>
    <ClCompile Include="Shape\Screen\LetterScreen.cpp">
      <Filter>Shape\Screen</Filter>
    </ClCompile>
    <ClCompile Include="Shape\Screen\BootScreen.cpp">
      <Filter>Shape\Screen</Filter>
    </ClCompile>
    <ClCompile Include="Renderer\BootScreenRenderer.cpp">
      <Filter>Renderer</Filter>
    </ClCompile>
    <ClCompile Include="System\SplashSystem.cpp">
      <Filter>System</Filter>
    </ClCompile>
  </ItemGroup>
  <ItemGroup>
    <None Include="Shader\Sampler.hlsli">
      <Filter>Shader</Filter>
    </None>
    <None Include="Shader\Constants.hlsli">
      <Filter>Shader</Filter>
    </None>
    <None Include="Font\Font.hlsli">
      <Filter>Font</Filter>
    </None>
    <None Include="Shader\Culling.hlsli">
      <Filter>Shader</Filter>
    </None>
    <None Include="Light\Cluster.hlsli">
      <Filter>Light</Filter>
    </None>
    <None Include="Shader\Normal.hlsli">
      <Filter>Shader</Filter>
    </None>
    <None Include="Light\BidirectionalReflectanceDistributionFunction.hlsli">
      <Filter>Light</Filter>
    </None>
    <None Include="Sky\SkyGenerate.hlsli">
      <Filter>Sky</Filter>
    </None>
    <None Include="Raytracing\Froxel\Froxel.hlsli">
      <Filter>Raytracing\Froxel</Filter>
    </None>
    <None Include="Shader\Noise.hlsli">
      <Filter>Shader</Filter>
    </None>
    <None Include="Raytracing\Shadow\Shadow.hlsli">
      <Filter>Raytracing\Shadow</Filter>
    </None>
    <None Include="Raytracing\AmbientOcclusion\AmbientOcclusion.hlsli">
      <Filter>Raytracing\AmbientOcclusion</Filter>
    </None>
    <None Include="Raytracing\SubsurfaceScattering\SubsurfaceScattering.hlsli">
      <Filter>Raytracing\SubsurfaceScattering</Filter>
    </None>
    <None Include="Raytracing\Reflection\Reflection.hlsli">
      <Filter>Raytracing\Reflection</Filter>
    </None>
    <None Include="Raytracing\VolumetricCloudScapes\VolumetricCloudScapes.hlsli">
      <Filter>Raytracing\VolumetricCloudScapes</Filter>
    </None>
    <None Include="Raytracing\VolumetricCloudScapes\CloudNoiseBake.hlsli">
      <Filter>Raytracing\VolumetricCloudScapes</Filter>
    </None>
    <None Include="Raytracing\VolumetricLight\VolumetricLight.hlsli">
      <Filter>Raytracing\VolumetricLight</Filter>
    </None>
    <None Include="Movie\Movie.hlsli">
      <Filter>Movie</Filter>
    </None>
    <None Include="Texture\Texture.hlsli">
      <Filter>Texture</Filter>
    </None>
    <None Include="Shape\Collider\ColliderLine.hlsli">
      <Filter>Shape\Collider</Filter>
    </None>
    <None Include="Raytracing\GlobalIllumination\GlobalIllumination.hlsli">
      <Filter>Raytracing\GlobalIllumination</Filter>
    </None>
    <None Include="PostProcess\ToneMappingCurves.hlsli">
      <Filter>PostProcess</Filter>
    </None>
    <None Include="Raytracing\VolumetricStar\VolumetricStar.hlsli">
      <Filter>Raytracing\VolumetricStar</Filter>
    </None>
    <None Include="Environment\WeatherParticle.hlsli">
      <Filter>Environment</Filter>
    </None>
    <None Include="Shader\Precipitation.hlsli">
      <Filter>Shader</Filter>
    </None>
    <None Include="Shader\Denoiser.hlsli">
      <Filter>Shader</Filter>
    </None>
    <None Include="Raytracing\Refraction\Refraction.hlsli">
      <Filter>Raytracing\Refraction</Filter>
    </None>
    <None Include="Model\Model.hlsli">
      <Filter>Model</Filter>
    </None>
    <None Include="Model\Opaque\PbrShading.hlsli">
      <Filter>Model\Opaque</Filter>
    </None>
    <None Include="Model\Opaque\PhongShading.hlsli">
      <Filter>Model\Opaque</Filter>
    </None>
    <None Include="Model\Opaque\ToonShading.hlsli">
      <Filter>Model\Opaque</Filter>
    </None>
    <None Include="Raytracing\GlobalIllumination\GlobalIlluminationReSTIR.hlsli">
      <Filter>Raytracing\GlobalIllumination</Filter>
    </None>
    <None Include="Shader\Material.hlsli">
      <Filter>Shader</Filter>
    </None>
    <None Include="Raytracing\Reflection\ReflectionReSTIR.hlsli">
      <Filter>Raytracing\Reflection</Filter>
    </None>
    <None Include="Shader\Dispatch.hlsli">
      <Filter>Shader</Filter>
    </None>
    <None Include="Model\Opaque\FurShading.hlsli">
      <Filter>Model\Opaque</Filter>
    </None>
    <None Include="Shader\Vertex.hlsli">
      <Filter>Shader</Filter>
    </None>
    <None Include="Effect\Zephyr\Particle.hlsli">
      <Filter>Effect\Zephyr</Filter>
    </None>
    <None Include="Effect\Zephyr\ParticlePool.hlsli">
      <Filter>Effect\Zephyr</Filter>
    </None>
    <None Include="Effect\Zephyr\Module\DragModule.hlsli">
      <Filter>Effect\Zephyr\Module</Filter>
    </None>
    <None Include="Effect\Zephyr\Module\GravityModule.hlsli">
      <Filter>Effect\Zephyr\Module</Filter>
    </None>
    <None Include="Shader\ShaderResources.hlsli">
      <Filter>Shader</Filter>
    </None>
    <None Include="Shader\UnorderedAccesses.hlsli">
      <Filter>Shader</Filter>
    </None>
    <None Include="PostProcess\PostProcess.hlsli">
      <Filter>PostProcess</Filter>
    </None>
    <None Include="Shader\Scene.hlsli">
      <Filter>Shader</Filter>
    </None>
    <None Include="DLSS\Dlss.hlsli">
      <Filter>DLSS</Filter>
    </None>
    <None Include="Light\Light.hlsli">
      <Filter>Light</Filter>
    </None>
    <None Include="Environment\Weather.hlsli">
      <Filter>Environment</Filter>
    </None>
    <None Include="Shape\HUD\HUD.hlsli">
      <Filter>Shape\HUD</Filter>
    </None>
    <None Include="Model\Transparent\OitShading.hlsli">
      <Filter>Model\Transparent</Filter>
    </None>
    <None Include="Sky\Sky.hlsli">
      <Filter>Sky</Filter>
    </None>
    <None Include="Raytracing\Raytracing.hlsli">
      <Filter>Raytracing</Filter>
    </None>
    <None Include="Model\Opaque\GeometryBuffer.hlsli">
      <Filter>Model\Opaque</Filter>
    </None>
    <None Include="Sky\IBL\ImageBasedLighting.hlsli">
      <Filter>Sky\IBL</Filter>
    </None>
  </ItemGroup>
  <ItemGroup>
    <Text Include="Light\ClusterAssignCS.hlsl">
      <Filter>Light</Filter>
    </Text>
    <Text Include="Raytracing\Shadow\ShadowRT.hlsl">
      <Filter>Raytracing\Shadow</Filter>
    </Text>
    <Text Include="Raytracing\GlobalIllumination\GlobalIlluminationRT.hlsl">
      <Filter>Raytracing\GlobalIllumination</Filter>
    </Text>
    <Text Include="Raytracing\VolumetricLight\VolumetricLightScatteringRT.hlsl">
      <Filter>Raytracing\VolumetricLight</Filter>
    </Text>
    <Text Include="Raytracing\VolumetricCloudScapes\VolumetricCloudScapesRT.hlsl">
      <Filter>Raytracing\VolumetricCloudScapes</Filter>
    </Text>
    <Text Include="Raytracing\SubsurfaceScattering\SubsurfaceScatteringRT.hlsl">
      <Filter>Raytracing\SubsurfaceScattering</Filter>
    </Text>
    <Text Include="Raytracing\Refraction\RefractionRT.hlsl">
      <Filter>Raytracing\Refraction</Filter>
    </Text>
    <Text Include="Raytracing\Reflection\ReflectionRT.hlsl">
      <Filter>Raytracing\Reflection</Filter>
    </Text>
    <Text Include="Raytracing\Froxel\FroxelIntegrationCS.hlsl">
      <Filter>Raytracing\Froxel</Filter>
    </Text>
    <Text Include="Raytracing\Fog\FogInjectionCS.hlsl">
      <Filter>Raytracing\Fog</Filter>
    </Text>
    <Text Include="Raytracing\AmbientOcclusion\AmbientOcclusionRT.hlsl">
      <Filter>Raytracing\AmbientOcclusion</Filter>
    </Text>
    <Text Include="Raytracing\Shadow\ShadowDenoiseCS.hlsl">
      <Filter>Raytracing\Shadow</Filter>
    </Text>
    <Text Include="Raytracing\AmbientOcclusion\AmbientOcclusionDenoiseCS.hlsl">
      <Filter>Raytracing\AmbientOcclusion</Filter>
    </Text>
    <Text Include="Raytracing\VolumetricCloudScapes\CloudNoiseShapeBakeCS.hlsl">
      <Filter>Raytracing\VolumetricCloudScapes</Filter>
    </Text>
    <Text Include="Raytracing\VolumetricCloudScapes\CloudNoiseDetailBakeCS.hlsl">
      <Filter>Raytracing\VolumetricCloudScapes</Filter>
    </Text>
    <Text Include="Shape\Collider\ColliderLineMS.hlsl">
      <Filter>Shape\Collider</Filter>
    </Text>
    <Text Include="Shape\Collider\ColliderLinePS.hlsl">
      <Filter>Shape\Collider</Filter>
    </Text>
    <Text Include="PostProcess\AutoExposureAverageCS.hlsl">
      <Filter>PostProcess</Filter>
    </Text>
    <Text Include="PostProcess\AutoExposureHistogramCS.hlsl">
      <Filter>PostProcess</Filter>
    </Text>
    <Text Include="PostProcess\ToneMappingCS.hlsl">
      <Filter>PostProcess</Filter>
    </Text>
    <Text Include="Raytracing\GlobalIllumination\GlobalIlluminationDenoiseCS.hlsl">
      <Filter>Raytracing\GlobalIllumination</Filter>
    </Text>
    <Text Include="DLSS\DlssNormalRoughnessCS.hlsl">
      <Filter>DLSS</Filter>
    </Text>
    <Text Include="DLSS\DlssBackgroundVelocityCS.hlsl">
      <Filter>DLSS</Filter>
    </Text>
    <Text Include="PostProcess\LensFlareCS.hlsl">
      <Filter>PostProcess</Filter>
    </Text>
    <Text Include="PostProcess\DepthOfFieldCS.hlsl">
      <Filter>PostProcess</Filter>
    </Text>
    <Text Include="PostProcess\BokehCS.hlsl">
      <Filter>PostProcess</Filter>
    </Text>
    <Text Include="Raytracing\VolumetricStar\VolumetricStarRT.hlsl">
      <Filter>Raytracing\VolumetricStar</Filter>
    </Text>
    <Text Include="Environment\WeatherParticleSimulateCS.hlsl">
      <Filter>Environment</Filter>
    </Text>
    <Text Include="Environment\WeatherParticleAS.hlsl">
      <Filter>Environment</Filter>
    </Text>
    <Text Include="Environment\WeatherParticleMS.hlsl">
      <Filter>Environment</Filter>
    </Text>
    <Text Include="Environment\WeatherParticlePS.hlsl">
      <Filter>Environment</Filter>
    </Text>
    <Text Include="Raytracing\Reflection\ReflectionDenoiseCS.hlsl">
      <Filter>Raytracing\Reflection</Filter>
    </Text>
    <Text Include="TAAU\TaauResolveCS.hlsl">
      <Filter>TAAU</Filter>
    </Text>
    <Text Include="PostProcess\SharpnessCS.hlsl">
      <Filter>PostProcess</Filter>
    </Text>
    <Text Include="PostProcess\KawaseBloomCS.hlsl">
      <Filter>PostProcess</Filter>
    </Text>
    <Text Include="PostProcess\AnamorphicFlareCS.hlsl">
      <Filter>PostProcess</Filter>
    </Text>
    <Text Include="PostProcess\ChromaticAberrationCS.hlsl">
      <Filter>PostProcess</Filter>
    </Text>
    <Text Include="PostProcess\VignetteCS.hlsl">
      <Filter>PostProcess</Filter>
    </Text>
    <Text Include="PostProcess\LensDistortionCS.hlsl">
      <Filter>PostProcess</Filter>
    </Text>
    <Text Include="PostProcess\FilmGrainCS.hlsl">
      <Filter>PostProcess</Filter>
    </Text>
    <Text Include="PostProcess\ColorGradingCS.hlsl">
      <Filter>PostProcess</Filter>
    </Text>
    <Text Include="Model\Material\MaterialClassifyCS.hlsl">
      <Filter>Model\Material</Filter>
    </Text>
    <Text Include="Model\Material\MaterialPrefixSumCS.hlsl">
      <Filter>Model\Material</Filter>
    </Text>
    <Text Include="Model\Material\MaterialResolveCS.hlsl">
      <Filter>Model\Material</Filter>
    </Text>
    <Text Include="Model\Material\MaterialScatterCS.hlsl">
      <Filter>Model\Material</Filter>
    </Text>
    <Text Include="Model\Morph\MorphBlendCS.hlsl">
      <Filter>Model\Morph</Filter>
    </Text>
    <Text Include="Model\Transparent\ModelTransparentAS.hlsl">
      <Filter>Model\Transparent</Filter>
    </Text>
    <Text Include="Model\Transparent\OITResolveMS.hlsl">
      <Filter>Model\Transparent</Filter>
    </Text>
    <Text Include="Model\Transparent\OITResolvePS.hlsl">
      <Filter>Model\Transparent</Filter>
    </Text>
    <Text Include="Model\Opaque\DeferredLightingMS.hlsl">
      <Filter>Model\Opaque</Filter>
    </Text>
    <Text Include="Model\Opaque\DeferredLightingPS.hlsl">
      <Filter>Model\Opaque</Filter>
    </Text>
    <Text Include="Model\Opaque\ModelAS.hlsl">
      <Filter>Model\Opaque</Filter>
    </Text>
    <Text Include="Model\Opaque\SkeletalModelMS.hlsl">
      <Filter>Model\Opaque</Filter>
    </Text>
    <Text Include="Model\Opaque\SkeletalModelPS.hlsl">
      <Filter>Model\Opaque</Filter>
    </Text>
    <Text Include="Model\Opaque\StaticModelMS.hlsl">
      <Filter>Model\Opaque</Filter>
    </Text>
    <Text Include="Model\Opaque\StaticModelPS.hlsl">
      <Filter>Model\Opaque</Filter>
    </Text>
    <Text Include="Model\ModelPreviewPS.hlsl">
      <Filter>Model</Filter>
    </Text>
    <Text Include="Model\WireframePS.hlsl">
      <Filter>Model</Filter>
    </Text>
    <Text Include="Model\Transparent\ModelTransparentPS.hlsl">
      <Filter>Model\Transparent</Filter>
    </Text>
    <Text Include="Raytracing\GlobalIllumination\GlobalIlluminationReservoirSpatialCS.hlsl">
      <Filter>Raytracing\GlobalIllumination</Filter>
    </Text>
    <Text Include="Raytracing\Reflection\ReflectionReservoirSpatialCS.hlsl">
      <Filter>Raytracing\Reflection</Filter>
    </Text>
    <Text Include="Shape\HUD\HUDComposeMS.hlsl">
      <Filter>Shape\HUD</Filter>
    </Text>
    <Text Include="Shape\HUD\HUDComposePS.hlsl">
      <Filter>Shape\HUD</Filter>
    </Text>
    <Text Include="Avatar\AvatarPreviewPS.hlsl">
      <Filter>Avatar</Filter>
    </Text>
    <Text Include="Model\Opaque\FurShellAS.hlsl">
      <Filter>Model\Opaque</Filter>
    </Text>
    <Text Include="Model\Opaque\FurShellMS.hlsl">
      <Filter>Model\Opaque</Filter>
    </Text>
    <Text Include="Model\Opaque\FurShellPS.hlsl">
      <Filter>Model\Opaque</Filter>
    </Text>
    <Text Include="Model\Opaque\FurShellVS.hlsl">
      <Filter>Model\Opaque</Filter>
    </Text>
    <Text Include="Model\Opaque\SkeletalModelVS.hlsl">
      <Filter>Model\Opaque</Filter>
    </Text>
    <Text Include="Model\Opaque\StaticModelVS.hlsl">
      <Filter>Model\Opaque</Filter>
    </Text>
    <Text Include="Font\FontSilhouettePS.hlsl">
      <Filter>Font</Filter>
    </Text>
    <Text Include="Model\Opaque\GeometryBufferAS.hlsl">
      <Filter>Model\Opaque</Filter>
    </Text>
    <Text Include="Model\ModelSilhouetteAS.hlsl">
      <Filter>Model</Filter>
    </Text>
    <Text Include="Model\ModelSilhouettePS.hlsl">
      <Filter>Model</Filter>
    </Text>
    <Text Include="Movie\MovieSilhouettePS.hlsl">
      <Filter>Movie</Filter>
    </Text>
    <Text Include="Texture\TextureSilhouettePS.hlsl">
      <Filter>Texture</Filter>
    </Text>
    <Text Include="Shape\Outline\OutlineMS.hlsl">
      <Filter>Shape\Outline</Filter>
    </Text>
    <Text Include="Shape\Outline\OutlinePS.hlsl">
      <Filter>Shape\Outline</Filter>
    </Text>
    <Text Include="Shape\HUD\FullscreenVS.hlsl">
      <Filter>Shape\HUD</Filter>
    </Text>
    <Text Include="Environment\WeatherParticleVS.hlsl">
      <Filter>Environment</Filter>
    </Text>
    <Text Include="Shape\Collider\ColliderLineVS.hlsl">
      <Filter>Shape\Collider</Filter>
    </Text>
    <Text Include="Model\Skin\SkinBlendCS.hlsl">
      <Filter>Model\Skin</Filter>
    </Text>
    <Text Include="Model\Cluster\MeshletPS.hlsl">
      <Filter>Model\Cluster</Filter>
    </Text>
    <Text Include="Model\Depth\DepthPrepassMS.hlsl">
      <Filter>Model\Depth</Filter>
    </Text>
    <Text Include="Model\Depth\DepthPrepassPS.hlsl">
      <Filter>Model\Depth</Filter>
    </Text>
    <Text Include="Model\Depth\DepthPrepassVS.hlsl">
      <Filter>Model\Depth</Filter>
    </Text>
    <Text Include="Model\Depth\DepthResizeCS.hlsl">
      <Filter>Model\Depth</Filter>
    </Text>
    <Text Include="Model\Depth\HiZBufferCS.hlsl">
      <Filter>Model\Depth</Filter>
    </Text>
    <Text Include="Model\Culling\FurShellCullingCS.hlsl">
      <Filter>Model\Culling</Filter>
    </Text>
    <Text Include="Model\Culling\GeometryBufferCullingCS.hlsl">
      <Filter>Model\Culling</Filter>
    </Text>
    <Text Include="Model\Culling\ModelCullingCS.hlsl">
      <Filter>Model\Culling</Filter>
    </Text>
    <Text Include="Model\Culling\ModelSilhouetteCullingCS.hlsl">
      <Filter>Model\Culling</Filter>
    </Text>
    <Text Include="Model\Culling\ModelTransparentCullingCS.hlsl">
      <Filter>Model\Culling</Filter>
    </Text>
    <Text Include="Texture\Compression\BC7CompressCS.hlsl">
      <Filter>Texture\Compression</Filter>
    </Text>
    <Text Include="Texture\Billboard\TextureBillboardAS.hlsl">
      <Filter>Texture\Billboard</Filter>
    </Text>
    <Text Include="Texture\Billboard\TextureBillboardMS.hlsl">
      <Filter>Texture\Billboard</Filter>
    </Text>
    <Text Include="Texture\Billboard\TextureBillboardPS.hlsl">
      <Filter>Texture\Billboard</Filter>
    </Text>
    <Text Include="Texture\Billboard\TextureBillboardSilhouetteAS.hlsl">
      <Filter>Texture\Billboard</Filter>
    </Text>
    <Text Include="Texture\Billboard\TextureBillboardSilhouetteVS.hlsl">
      <Filter>Texture\Billboard</Filter>
    </Text>
    <Text Include="Texture\Billboard\TextureBillboardVS.hlsl">
      <Filter>Texture\Billboard</Filter>
    </Text>
    <Text Include="Texture\Sprite\TextureSpriteAS.hlsl">
      <Filter>Texture\Sprite</Filter>
    </Text>
    <Text Include="Texture\Sprite\TextureSpriteMS.hlsl">
      <Filter>Texture\Sprite</Filter>
    </Text>
    <Text Include="Texture\Sprite\TextureSpritePS.hlsl">
      <Filter>Texture\Sprite</Filter>
    </Text>
    <Text Include="Texture\Sprite\TextureSpriteSilhouetteAS.hlsl">
      <Filter>Texture\Sprite</Filter>
    </Text>
    <Text Include="Texture\Sprite\TextureSpriteSilhouetteVS.hlsl">
      <Filter>Texture\Sprite</Filter>
    </Text>
    <Text Include="Texture\Sprite\TextureSpriteVS.hlsl">
      <Filter>Texture\Sprite</Filter>
    </Text>
    <Text Include="Font\Billboard\FontBillboardAS.hlsl">
      <Filter>Font\Billboard</Filter>
    </Text>
    <Text Include="Font\Billboard\FontBillboardMS.hlsl">
      <Filter>Font\Billboard</Filter>
    </Text>
    <Text Include="Font\Billboard\FontBillboardPS.hlsl">
      <Filter>Font\Billboard</Filter>
    </Text>
    <Text Include="Font\Billboard\FontBillboardSilhouetteAS.hlsl">
      <Filter>Font\Billboard</Filter>
    </Text>
    <Text Include="Font\Billboard\FontBillboardSilhouetteVS.hlsl">
      <Filter>Font\Billboard</Filter>
    </Text>
    <Text Include="Font\Billboard\FontBillboardVS.hlsl">
      <Filter>Font\Billboard</Filter>
    </Text>
    <Text Include="Font\Sprite\FontSpriteAS.hlsl">
      <Filter>Font\Sprite</Filter>
    </Text>
    <Text Include="Font\Sprite\FontSpriteMS.hlsl">
      <Filter>Font\Sprite</Filter>
    </Text>
    <Text Include="Font\Sprite\FontSpritePS.hlsl">
      <Filter>Font\Sprite</Filter>
    </Text>
    <Text Include="Font\Sprite\FontSpriteSilhouetteAS.hlsl">
      <Filter>Font\Sprite</Filter>
    </Text>
    <Text Include="Font\Sprite\FontSpriteSilhouetteVS.hlsl">
      <Filter>Font\Sprite</Filter>
    </Text>
    <Text Include="Font\Sprite\FontSpriteVS.hlsl">
      <Filter>Font\Sprite</Filter>
    </Text>
    <Text Include="Movie\Billboard\MovieBillboardAS.hlsl">
      <Filter>Movie\Billboard</Filter>
    </Text>
    <Text Include="Movie\Billboard\MovieBillboardMS.hlsl">
      <Filter>Movie\Billboard</Filter>
    </Text>
    <Text Include="Movie\Billboard\MovieBillboardPS.hlsl">
      <Filter>Movie\Billboard</Filter>
    </Text>
    <Text Include="Movie\Billboard\MovieBillboardSilhouetteAS.hlsl">
      <Filter>Movie\Billboard</Filter>
    </Text>
    <Text Include="Movie\Billboard\MovieBillboardSilhouetteVS.hlsl">
      <Filter>Movie\Billboard</Filter>
    </Text>
    <Text Include="Movie\Billboard\MovieBillboardVS.hlsl">
      <Filter>Movie\Billboard</Filter>
    </Text>
    <Text Include="Movie\Fullscreen\MovieFullscreenAS.hlsl">
      <Filter>Movie\Fullscreen</Filter>
    </Text>
    <Text Include="Movie\Fullscreen\MovieFullscreenMS.hlsl">
      <Filter>Movie\Fullscreen</Filter>
    </Text>
    <Text Include="Movie\Fullscreen\MovieFullscreenPS.hlsl">
      <Filter>Movie\Fullscreen</Filter>
    </Text>
    <Text Include="Movie\Fullscreen\MovieFullscreenVS.hlsl">
      <Filter>Movie\Fullscreen</Filter>
    </Text>
    <Text Include="Movie\Sprite\MovieSpriteAS.hlsl">
      <Filter>Movie\Sprite</Filter>
    </Text>
    <Text Include="Movie\Sprite\MovieSpriteMS.hlsl">
      <Filter>Movie\Sprite</Filter>
    </Text>
    <Text Include="Movie\Sprite\MovieSpritePS.hlsl">
      <Filter>Movie\Sprite</Filter>
    </Text>
    <Text Include="Movie\Sprite\MovieSpriteSilhouetteAS.hlsl">
      <Filter>Movie\Sprite</Filter>
    </Text>
    <Text Include="Movie\Sprite\MovieSpriteSilhouetteVS.hlsl">
      <Filter>Movie\Sprite</Filter>
    </Text>
    <Text Include="Movie\Sprite\MovieSpriteVS.hlsl">
      <Filter>Movie\Sprite</Filter>
    </Text>
    <Text Include="Sky\IBL\BrdfLutCS.hlsl">
      <Filter>Sky\IBL</Filter>
    </Text>
    <Text Include="Sky\IBL\DiffuseIrradianceCS.hlsl">
      <Filter>Sky\IBL</Filter>
    </Text>
    <Text Include="Sky\IBL\SpecularPrefilterCS.hlsl">
      <Filter>Sky\IBL</Filter>
    </Text>
    <Text Include="Sky\Cubemap\EquirectCubemapCS.hlsl">
      <Filter>Sky\Cubemap</Filter>
    </Text>
    <Text Include="Sky\Cubemap\ProceduralCubemapCS.hlsl">
      <Filter>Sky\Cubemap</Filter>
    </Text>
    <Text Include="Shape\Screen\FadeScreenPS.hlsl">
      <Filter>Shape\Screen</Filter>
    </Text>
    <Text Include="Shape\Screen\SplashScreenPS.hlsl">
      <Filter>Shape\Screen</Filter>
    </Text>
    <Text Include="Shape\Screen\SplashScreenVS.hlsl">
      <Filter>Shape\Screen</Filter>
    </Text>
    <Text Include="Shape\Screen\LetterScreenPS.hlsl">
      <Filter>Shape\Screen</Filter>
    </Text>
    <Text Include="Shape\Screen\BootScreenPS.hlsl">
      <Filter>Shape\Screen</Filter>
    </Text>
  </ItemGroup>
</Project>